// !$*UTF8*$!
{
	archiveVersion = 1;
	classes = {
	};
	objectVersion = 56;
	objects = {

/* Begin PBXBuildFile section */
		D742B2E82BABAD64008716A1 /* AppDelegate.swift in Sources */ = {isa = PBXBuildFile; fileRef = D742B2E72BABAD64008716A1 /* AppDelegate.swift */; };
		D742B2EA2BABAD64008716A1 /* SceneDelegate.swift in Sources */ = {isa = PBXBuildFile; fileRef = D742B2E92BABAD64008716A1 /* SceneDelegate.swift */; };
		D742B2EC2BABAD64008716A1 /* IntroductionViewController.swift in Sources */ = {isa = PBXBuildFile; fileRef = D742B2EB2BABAD64008716A1 /* IntroductionViewController.swift */; };
		D742B2EF2BABAD64008716A1 /* Main.storyboard in Resources */ = {isa = PBXBuildFile; fileRef = D742B2ED2BABAD64008716A1 /* Main.storyboard */; };
		D742B2F12BABAD64008716A1 /* Assets.xcassets in Resources */ = {isa = PBXBuildFile; fileRef = D742B2F02BABAD64008716A1 /* Assets.xcassets */; };
		D742B2F42BABAD64008716A1 /* LaunchScreen.storyboard in Resources */ = {isa = PBXBuildFile; fileRef = D742B2F22BABAD64008716A1 /* LaunchScreen.storyboard */; };
		D742B2FF2BABAD65008716A1 /* Actividad9Tests.swift in Sources */ = {isa = PBXBuildFile; fileRef = D742B2FE2BABAD65008716A1 /* Actividad9Tests.swift */; };
		D742B3092BABAD65008716A1 /* Actividad9UITests.swift in Sources */ = {isa = PBXBuildFile; fileRef = D742B3082BABAD65008716A1 /* Actividad9UITests.swift */; };
		D742B30B2BABAD65008716A1 /* Actividad9UITestsLaunchTests.swift in Sources */ = {isa = PBXBuildFile; fileRef = D742B30A2BABAD65008716A1 /* Actividad9UITestsLaunchTests.swift */; };
		D742B3182BABB5D2008716A1 /* QuestionViewController.swift in Sources */ = {isa = PBXBuildFile; fileRef = D742B3172BABB5D2008716A1 /* QuestionViewController.swift */; };
		D742B31A2BABB5E7008716A1 /* ResultsViewController.swift in Sources */ = {isa = PBXBuildFile; fileRef = D742B3192BABB5E7008716A1 /* ResultsViewController.swift */; };
		D750704C2BAD360B00395D51 /* Question.swift in Sources */ = {isa = PBXBuildFile; fileRef = D750704B2BAD360B00395D51 /* Question.swift */; };
/* End PBXBuildFile section */

/* Begin PBXContainerItemProxy section */
		D742B2FB2BABAD65008716A1 /* PBXContainerItemProxy */ = {
			isa = PBXContainerItemProxy;
			containerPortal = D742B2DC2BABAD63008716A1 /* Project object */;
			proxyType = 1;
			remoteGlobalIDString = D742B2E32BABAD63008716A1;
			remoteInfo = Actividad9;
		};
		D742B3052BABAD65008716A1 /* PBXContainerItemProxy */ = {
			isa = PBXContainerItemProxy;
			containerPortal = D742B2DC2BABAD63008716A1 /* Project object */;
			proxyType = 1;
			remoteGlobalIDString = D742B2E32BABAD63008716A1;
			remoteInfo = Actividad9;
		};
/* End PBXContainerItemProxy section */

/* Begin PBXFileReference section */
		D742B2E42BABAD64008716A1 /* Actividad9.app */ = {isa = PBXFileReference; explicitFileType = wrapper.application; includeInIndex = 0; path = Actividad9.app; sourceTree = BUILT_PRODUCTS_DIR; };
		D742B2E72BABAD64008716A1 /* AppDelegate.swift */ = {isa = PBXFileReference; lastKnownFileType = sourcecode.swift; path = AppDelegate.swift; sourceTree = "<group>"; };
		D742B2E92BABAD64008716A1 /* SceneDelegate.swift */ = {isa = PBXFileReference; lastKnownFileType = sourcecode.swift; path = SceneDelegate.swift; sourceTree = "<group>"; };
		D742B2EB2BABAD64008716A1 /* IntroductionViewController.swift */ = {isa = PBXFileReference; lastKnownFileType = sourcecode.swift; path = IntroductionViewController.swift; sourceTree = "<group>"; };
		D742B2EE2BABAD64008716A1 /* Base */ = {isa = PBXFileReference; lastKnownFileType = file.storyboard; name = Base; path = Base.lproj/Main.storyboard; sourceTree = "<group>"; };
		D742B2F02BABAD64008716A1 /* Assets.xcassets */ = {isa = PBXFileReference; lastKnownFileType = folder.assetcatalog; path = Assets.xcassets; sourceTree = "<group>"; };
		D742B2F32BABAD64008716A1 /* Base */ = {isa = PBXFileReference; lastKnownFileType = file.storyboard; name = Base; path = Base.lproj/LaunchScreen.storyboard; sourceTree = "<group>"; };
		D742B2F52BABAD64008716A1 /* Info.plist */ = {isa = PBXFileReference; lastKnownFileType = text.plist.xml; path = Info.plist; sourceTree = "<group>"; };
		D742B2FA2BABAD65008716A1 /* Actividad9Tests.xctest */ = {isa = PBXFileReference; explicitFileType = wrapper.cfbundle; includeInIndex = 0; path = Actividad9Tests.xctest; sourceTree = BUILT_PRODUCTS_DIR; };
		D742B2FE2BABAD65008716A1 /* Actividad9Tests.swift */ = {isa = PBXFileReference; lastKnownFileType = sourcecode.swift; path = Actividad9Tests.swift; sourceTree = "<group>"; };
		D742B3042BABAD65008716A1 /* Actividad9UITests.xctest */ = {isa = PBXFileReference; explicitFileType = wrapper.cfbundle; includeInIndex = 0; path = Actividad9UITests.xctest; sourceTree = BUILT_PRODUCTS_DIR; };
		D742B3082BABAD65008716A1 /* Actividad9UITests.swift */ = {isa = PBXFileReference; lastKnownFileType = sourcecode.swift; path = Actividad9UITests.swift; sourceTree = "<group>"; };
		D742B30A2BABAD65008716A1 /* Actividad9UITestsLaunchTests.swift */ = {isa = PBXFileReference; lastKnownFileType = sourcecode.swift; path = Actividad9UITestsLaunchTests.swift; sourceTree = "<group>"; };
		D742B3172BABB5D2008716A1 /* QuestionViewController.swift */ = {isa = PBXFileReference; lastKnownFileType = sourcecode.swift; path = QuestionViewController.swift; sourceTree = "<group>"; };
		D742B3192BABB5E7008716A1 /* ResultsViewController.swift */ = {isa = PBXFileReference; lastKnownFileType = sourcecode.swift; path = ResultsViewController.swift; sourceTree = "<group>"; };
		D750704B2BAD360B00395D51 /* Question.swift */ = {isa = PBXFileReference; lastKnownFileType = sourcecode.swift; path = Question.swift; sourceTree = "<group>"; };
/* End PBXFileReference section */

/* Begin PBXFrameworksBuildPhase section */
		D742B2E12BABAD63008716A1 /* Frameworks */ = {
			isa = PBXFrameworksBuildPhase;
			buildActionMask = 2147483647;
			files = (
			);
			runOnlyForDeploymentPostprocessing = 0;
		};
		D742B2F72BABAD65008716A1 /* Frameworks */ = {
			isa = PBXFrameworksBuildPhase;
			buildActionMask = 2147483647;
			files = (
			);
			runOnlyForDeploymentPostprocessing = 0;
		};
		D742B3012BABAD65008716A1 /* Frameworks */ = {
			isa = PBXFrameworksBuildPhase;
			buildActionMask = 2147483647;
			files = (
			);
			runOnlyForDeploymentPostprocessing = 0;
		};
/* End PBXFrameworksBuildPhase section */

/* Begin PBXGroup section */
		D742B2DB2BABAD63008716A1 = {
			isa = PBXGroup;
			children = (
				D742B2E62BABAD64008716A1 /* Actividad9 */,
				D742B2FD2BABAD65008716A1 /* Actividad9Tests */,
				D742B3072BABAD65008716A1 /* Actividad9UITests */,
				D742B2E52BABAD64008716A1 /* Products */,
			);
			sourceTree = "<group>";
		};
		D742B2E52BABAD64008716A1 /* Products */ = {
			isa = PBXGroup;
			children = (
				D742B2E42BABAD64008716A1 /* Actividad9.app */,
				D742B2FA2BABAD65008716A1 /* Actividad9Tests.xctest */,
				D742B3042BABAD65008716A1 /* Actividad9UITests.xctest */,
			);
			name = Products;
			sourceTree = "<group>";
		};
		D742B2E62BABAD64008716A1 /* Actividad9 */ = {
			isa = PBXGroup;
			children = (
				D742B2E72BABAD64008716A1 /* AppDelegate.swift */,
				D742B2E92BABAD64008716A1 /* SceneDelegate.swift */,
				D742B2EB2BABAD64008716A1 /* IntroductionViewController.swift */,
				D742B3172BABB5D2008716A1 /* QuestionViewController.swift */,
				D742B3192BABB5E7008716A1 /* ResultsViewController.swift */,
				D742B2ED2BABAD64008716A1 /* Main.storyboard */,
				D750704B2BAD360B00395D51 /* Question.swift */,
				D742B2F02BABAD64008716A1 /* Assets.xcassets */,
				D742B2F22BABAD64008716A1 /* LaunchScreen.storyboard */,
				D742B2F52BABAD64008716A1 /* Info.plist */,
			);
			path = Actividad9;
			sourceTree = "<group>";
		};
		D742B2FD2BABAD65008716A1 /* Actividad9Tests */ = {
			isa = PBXGroup;
			children = (
				D742B2FE2BABAD65008716A1 /* Actividad9Tests.swift */,
			);
			path = Actividad9Tests;
			sourceTree = "<group>";
		};
		D742B3072BABAD65008716A1 /* Actividad9UITests */ = {
			isa = PBXGroup;
			children = (
				D742B3082BABAD65008716A1 /* Actividad9UITests.swift */,
				D742B30A2BABAD65008716A1 /* Actividad9UITestsLaunchTests.swift */,
			);
			path = Actividad9UITests;
			sourceTree = "<group>";
		};
/* End PBXGroup section */

/* Begin PBXNativeTarget section */
		D742B2E32BABAD63008716A1 /* Actividad9 */ = {
			isa = PBXNativeTarget;
			buildConfigurationList = D742B30E2BABAD65008716A1 /* Build configuration list for PBXNativeTarget "Actividad9" */;
			buildPhases = (
				D742B2E02BABAD63008716A1 /* Sources */,
				D742B2E12BABAD63008716A1 /* Frameworks */,
				D742B2E22BABAD63008716A1 /* Resources */,
			);
			buildRules = (
			);
			dependencies = (
			);
			name = Actividad9;
			productName = Actividad9;
			productReference = D742B2E42BABAD64008716A1 /* Actividad9.app */;
			productType = "com.apple.product-type.application";
		};
		D742B2F92BABAD65008716A1 /* Actividad9Tests */ = {
			isa = PBXNativeTarget;
			buildConfigurationList = D742B3112BABAD65008716A1 /* Build configuration list for PBXNativeTarget "Actividad9Tests" */;
			buildPhases = (
				D742B2F62BABAD65008716A1 /* Sources */,
				D742B2F72BABAD65008716A1 /* Frameworks */,
				D742B2F82BABAD65008716A1 /* Resources */,
			);
			buildRules = (
			);
			dependencies = (
				D742B2FC2BABAD65008716A1 /* PBXTargetDependency */,
			);
			name = Actividad9Tests;
			productName = Actividad9Tests;
			productReference = D742B2FA2BABAD65008716A1 /* Actividad9Tests.xctest */;
			productType = "com.apple.product-type.bundle.unit-test";
		};
		D742B3032BABAD65008716A1 /* Actividad9UITests */ = {
			isa = PBXNativeTarget;
			buildConfigurationList = D742B3142BABAD65008716A1 /* Build configuration list for PBXNativeTarget "Actividad9UITests" */;
			buildPhases = (
				D742B3002BABAD65008716A1 /* Sources */,
				D742B3012BABAD65008716A1 /* Frameworks */,
				D742B3022BABAD65008716A1 /* Resources */,
			);
			buildRules = (
			);
			dependencies = (
				D742B3062BABAD65008716A1 /* PBXTargetDependency */,
			);
			name = Actividad9UITests;
			productName = Actividad9UITests;
			productReference = D742B3042BABAD65008716A1 /* Actividad9UITests.xctest */;
			productType = "com.apple.product-type.bundle.ui-testing";
		};
/* End PBXNativeTarget section */

/* Begin PBXProject section */
		D742B2DC2BABAD63008716A1 /* Project object */ = {
			isa = PBXProject;
			attributes = {
				BuildIndependentTargetsInParallel = 1;
				LastSwiftUpdateCheck = 1520;
				LastUpgradeCheck = 1520;
				TargetAttributes = {
					D742B2E32BABAD63008716A1 = {
						CreatedOnToolsVersion = 15.2;
					};
					D742B2F92BABAD65008716A1 = {
						CreatedOnToolsVersion = 15.2;
						TestTargetID = D742B2E32BABAD63008716A1;
					};
					D742B3032BABAD65008716A1 = {
						CreatedOnToolsVersion = 15.2;
						TestTargetID = D742B2E32BABAD63008716A1;
					};
				};
			};
			buildConfigurationList = D742B2DF2BABAD63008716A1 /* Build configuration list for PBXProject "Actividad9" */;
			compatibilityVersion = "Xcode 14.0";
			developmentRegion = en;
			hasScannedForEncodings = 0;
			knownRegions = (
				en,
				Base,
			);
			mainGroup = D742B2DB2BABAD63008716A1;
			productRefGroup = D742B2E52BABAD64008716A1 /* Products */;
			projectDirPath = "";
			projectRoot = "";
			targets = (
				D742B2E32BABAD63008716A1 /* Actividad9 */,
				D742B2F92BABAD65008716A1 /* Actividad9Tests */,
				D742B3032BABAD65008716A1 /* Actividad9UITests */,
			);
		};
/* End PBXProject section */

/* Begin PBXResourcesBuildPhase section */
		D742B2E22BABAD63008716A1 /* Resources */ = {
			isa = PBXResourcesBuildPhase;
			buildActionMask = 2147483647;
			files = (
				D742B2F42BABAD64008716A1 /* LaunchScreen.storyboard in Resources */,
				D742B2F12BABAD64008716A1 /* Assets.xcassets in Resources */,
				D742B2EF2BABAD64008716A1 /* Main.storyboard in Resources */,
			);
			runOnlyForDeploymentPostprocessing = 0;
		};
		D742B2F82BABAD65008716A1 /* Resources */ = {
			isa = PBXResourcesBuildPhase;
			buildActionMask = 2147483647;
			files = (
			);
			runOnlyForDeploymentPostprocessing = 0;
		};
		D742B3022BABAD65008716A1 /* Resources */ = {
			isa = PBXResourcesBuildPhase;
			buildActionMask = 2147483647;
			files = (
			);
			runOnlyForDeploymentPostprocessing = 0;
		};
/* End PBXResourcesBuildPhase section */

/* Begin PBXSourcesBuildPhase section */
		D742B2E02BABAD63008716A1 /* Sources */ = {
			isa = PBXSourcesBuildPhase;
			buildActionMask = 2147483647;
			files = (
				D742B2EC2BABAD64008716A1 /* IntroductionViewController.swift in Sources */,
				D742B2E82BABAD64008716A1 /* AppDelegate.swift in Sources */,
				D742B3182BABB5D2008716A1 /* QuestionViewController.swift in Sources */,
				D750704C2BAD360B00395D51 /* Question.swift in Sources */,
				D742B31A2BABB5E7008716A1 /* ResultsViewController.swift in Sources */,
				D742B2EA2BABAD64008716A1 /* SceneDelegate.swift in Sources */,
			);
			runOnlyForDeploymentPostprocessing = 0;
		};
		D742B2F62BABAD65008716A1 /* Sources */ = {
			isa = PBXSourcesBuildPhase;
			buildActionMask = 2147483647;
			files = (
				D742B2FF2BABAD65008716A1 /* Actividad9Tests.swift in Sources */,
			);
			runOnlyForDeploymentPostprocessing = 0;
		};
		D742B3002BABAD65008716A1 /* Sources */ = {
			isa = PBXSourcesBuildPhase;
			buildActionMask = 2147483647;
			files = (
				D742B30B2BABAD65008716A1 /* Actividad9UITestsLaunchTests.swift in Sources */,
				D742B3092BABAD65008716A1 /* Actividad9UITests.swift in Sources */,
			);
			runOnlyForDeploymentPostprocessing = 0;
		};
/* End PBXSourcesBuildPhase section */

/* Begin PBXTargetDependency section */
		D742B2FC2BABAD65008716A1 /* PBXTargetDependency */ = {
			isa = PBXTargetDependency;
			target = D742B2E32BABAD63008716A1 /* Actividad9 */;
			targetProxy = D742B2FB2BABAD65008716A1 /* PBXContainerItemProxy */;
		};
		D742B3062BABAD65008716A1 /* PBXTargetDependency */ = {
			isa = PBXTargetDependency;
			target = D742B2E32BABAD63008716A1 /* Actividad9 */;
			targetProxy = D742B3052BABAD65008716A1 /* PBXContainerItemProxy */;
		};
/* End PBXTargetDependency section */

/* Begin PBXVariantGroup section */
		D742B2ED2BABAD64008716A1 /* Main.storyboard */ = {
			isa = PBXVariantGroup;
			children = (
				D742B2EE2BABAD64008716A1 /* Base */,
			);
			name = Main.storyboard;
			sourceTree = "<group>";
		};
		D742B2F22BABAD64008716A1 /* LaunchScreen.storyboard */ = {
			isa = PBXVariantGroup;
			children = (
				D742B2F32BABAD64008716A1 /* Base */,
			);
			name = LaunchScreen.storyboard;
			sourceTree = "<group>";
		};
/* End PBXVariantGroup section */

/* Begin XCBuildConfiguration section */
		D742B30C2BABAD65008716A1 /* Debug */ = {
			isa = XCBuildConfiguration;
			buildSettings = {
				ALWAYS_SEARCH_USER_PATHS = NO;
				ASSETCATALOG_COMPILER_GENERATE_SWIFT_ASSET_SYMBOL_EXTENSIONS = YES;
				CLANG_ANALYZER_NONNULL = YES;
				CLANG_ANALYZER_NUMBER_OBJECT_CONVERSION = YES_AGGRESSIVE;
				CLANG_CXX_LANGUAGE_STANDARD = "gnu++20";
				CLANG_ENABLE_MODULES = YES;
				CLANG_ENABLE_OBJC_ARC = YES;
				CLANG_ENABLE_OBJC_WEAK = YES;
				CLANG_WARN_BLOCK_CAPTURE_AUTORELEASING = YES;
				CLANG_WARN_BOOL_CONVERSION = YES;
				CLANG_WARN_COMMA = YES;
				CLANG_WARN_CONSTANT_CONVERSION = YES;
				CLANG_WARN_DEPRECATED_OBJC_IMPLEMENTATIONS = YES;
				CLANG_WARN_DIRECT_OBJC_ISA_USAGE = YES_ERROR;
				CLANG_WARN_DOCUMENTATION_COMMENTS = YES;
				CLANG_WARN_EMPTY_BODY = YES;
				CLANG_WARN_ENUM_CONVERSION = YES;
				CLANG_WARN_INFINITE_RECURSION = YES;
				CLANG_WARN_INT_CONVERSION = YES;
				CLANG_WARN_NON_LITERAL_NULL_CONVERSION = YES;
				CLANG_WARN_OBJC_IMPLICIT_RETAIN_SELF = YES;
				CLANG_WARN_OBJC_LITERAL_CONVERSION = YES;
				CLANG_WARN_OBJC_ROOT_CLASS = YES_ERROR;
				CLANG_WARN_QUOTED_INCLUDE_IN_FRAMEWORK_HEADER = YES;
				CLANG_WARN_RANGE_LOOP_ANALYSIS = YES;
				CLANG_WARN_STRICT_PROTOTYPES = YES;
				CLANG_WARN_SUSPICIOUS_MOVE = YES;
				CLANG_WARN_UNGUARDED_AVAILABILITY = YES_AGGRESSIVE;
				CLANG_WARN_UNREACHABLE_CODE = YES;
				CLANG_WARN__DUPLICATE_METHOD_MATCH = YES;
				COPY_PHASE_STRIP = NO;
				DEBUG_INFORMATION_FORMAT = dwarf;
				ENABLE_STRICT_OBJC_MSGSEND = YES;
				ENABLE_TESTABILITY = YES;
				ENABLE_USER_SCRIPT_SANDBOXING = YES;
				GCC_C_LANGUAGE_STANDARD = gnu17;
				GCC_DYNAMIC_NO_PIC = NO;
				GCC_NO_COMMON_BLOCKS = YES;
				GCC_OPTIMIZATION_LEVEL = 0;
				GCC_PREPROCESSOR_DEFINITIONS = (
					"DEBUG=1",
					"$(inherited)",
				);
				GCC_WARN_64_TO_32_BIT_CONVERSION = YES;
				GCC_WARN_ABOUT_RETURN_TYPE = YES_ERROR;
				GCC_WARN_UNDECLARED_SELECTOR = YES;
				GCC_WARN_UNINITIALIZED_AUTOS = YES_AGGRESSIVE;
				GCC_WARN_UNUSED_FUNCTION = YES;
				GCC_WARN_UNUSED_VARIABLE = YES;
				IPHONEOS_DEPLOYMENT_TARGET = 17.2;
				LOCALIZATION_PREFERS_STRING_CATALOGS = YES;
				MTL_ENABLE_DEBUG_INFO = INCLUDE_SOURCE;
				MTL_FAST_MATH = YES;
				ONLY_ACTIVE_ARCH = YES;
				SDKROOT = iphoneos;
				SWIFT_ACTIVE_COMPILATION_CONDITIONS = "DEBUG $(inherited)";
				SWIFT_OPTIMIZATION_LEVEL = "-Onone";
			};
			name = Debug;
		};
		D742B30D2BABAD65008716A1 /* Release */ = {
			isa = XCBuildConfiguration;
			buildSettings = {
				ALWAYS_SEARCH_USER_PATHS = NO;
				ASSETCATALOG_COMPILER_GENERATE_SWIFT_ASSET_SYMBOL_EXTENSIONS = YES;
				CLANG_ANALYZER_NONNULL = YES;
				CLANG_ANALYZER_NUMBER_OBJECT_CONVERSION = YES_AGGRESSIVE;
				CLANG_CXX_LANGUAGE_STANDARD = "gnu++20";
				CLANG_ENABLE_MODULES = YES;
				CLANG_ENABLE_OBJC_ARC = YES;
				CLANG_ENABLE_OBJC_WEAK = YES;
				CLANG_WARN_BLOCK_CAPTURE_AUTORELEASING = YES;
				CLANG_WARN_BOOL_CONVERSION = YES;
				CLANG_WARN_COMMA = YES;
				CLANG_WARN_CONSTANT_CONVERSION = YES;
				CLANG_WARN_DEPRECATED_OBJC_IMPLEMENTATIONS = YES;
				CLANG_WARN_DIRECT_OBJC_ISA_USAGE = YES_ERROR;
				CLANG_WARN_DOCUMENTATION_COMMENTS = YES;
				CLANG_WARN_EMPTY_BODY = YES;
				CLANG_WARN_ENUM_CONVERSION = YES;
				CLANG_WARN_INFINITE_RECURSION = YES;
				CLANG_WARN_INT_CONVERSION = YES;
				CLANG_WARN_NON_LITERAL_NULL_CONVERSION = YES;
				CLANG_WARN_OBJC_IMPLICIT_RETAIN_SELF = YES;
				CLANG_WARN_OBJC_LITERAL_CONVERSION = YES;
				CLANG_WARN_OBJC_ROOT_CLASS = YES_ERROR;
				CLANG_WARN_QUOTED_INCLUDE_IN_FRAMEWORK_HEADER = YES;
				CLANG_WARN_RANGE_LOOP_ANALYSIS = YES;
				CLANG_WARN_STRICT_PROTOTYPES = YES;
				CLANG_WARN_SUSPICIOUS_MOVE = YES;
				CLANG_WARN_UNGUARDED_AVAILABILITY = YES_AGGRESSIVE;
				CLANG_WARN_UNREACHABLE_CODE = YES;
				CLANG_WARN__DUPLICATE_METHOD_MATCH = YES;
				COPY_PHASE_STRIP = NO;
				DEBUG_INFORMATION_FORMAT = "dwarf-with-dsym";
				ENABLE_NS_ASSERTIONS = NO;
				ENABLE_STRICT_OBJC_MSGSEND = YES;
				ENABLE_USER_SCRIPT_SANDBOXING = YES;
				GCC_C_LANGUAGE_STANDARD = gnu17;
				GCC_NO_COMMON_BLOCKS = YES;
				GCC_WARN_64_TO_32_BIT_CONVERSION = YES;
				GCC_WARN_ABOUT_RETURN_TYPE = YES_ERROR;
				GCC_WARN_UNDECLARED_SELECTOR = YES;
				GCC_WARN_UNINITIALIZED_AUTOS = YES_AGGRESSIVE;
				GCC_WARN_UNUSED_FUNCTION = YES;
				GCC_WARN_UNUSED_VARIABLE = YES;
				IPHONEOS_DEPLOYMENT_TARGET = 17.2;
				LOCALIZATION_PREFERS_STRING_CATALOGS = YES;
				MTL_ENABLE_DEBUG_INFO = NO;
				MTL_FAST_MATH = YES;
				SDKROOT = iphoneos;
				SWIFT_COMPILATION_MODE = wholemodule;
				VALIDATE_PRODUCT = YES;
			};
			name = Release;
		};
		D742B30F2BABAD65008716A1 /* Debug */ = {
			isa = XCBuildConfiguration;
			buildSettings = {
				ASSETCATALOG_COMPILER_APPICON_NAME = AppIcon;
				ASSETCATALOG_COMPILER_GLOBAL_ACCENT_COLOR_NAME = AccentColor;
				CODE_SIGN_STYLE = Automatic;
				CURRENT_PROJECT_VERSION = 1;
				DEVELOPMENT_TEAM = Q2Y5YTW2CM;
				GENERATE_INFOPLIST_FILE = YES;
				INFOPLIST_FILE = Actividad9/Info.plist;
				INFOPLIST_KEY_UIApplicationSupportsIndirectInputEvents = YES;
				INFOPLIST_KEY_UILaunchStoryboardName = LaunchScreen;
				INFOPLIST_KEY_UIMainStoryboardFile = Main;
				INFOPLIST_KEY_UISupportedInterfaceOrientations_iPad = "UIInterfaceOrientationPortrait UIInterfaceOrientationPortraitUpsideDown UIInterfaceOrientationLandscapeLeft UIInterfaceOrientationLandscapeRight";
				INFOPLIST_KEY_UISupportedInterfaceOrientations_iPhone = "UIInterfaceOrientationPortrait UIInterfaceOrientationLandscapeLeft UIInterfaceOrientationLandscapeRight";
				LD_RUNPATH_SEARCH_PATHS = (
					"$(inherited)",
					"@executable_path/Frameworks",
				);
				MARKETING_VERSION = 1.0;
				PRODUCT_BUNDLE_IDENTIFIER = Mariana.Actividad9;
				PRODUCT_NAME = "$(TARGET_NAME)";
				SWIFT_EMIT_LOC_STRINGS = YES;
				SWIFT_VERSION = 5.0;
				TARGETED_DEVICE_FAMILY = "1,2";
			};
			name = Debug;
		};
		D742B3102BABAD65008716A1 /* Release */ = {
			isa = XCBuildConfiguration;
			buildSettings = {
				ASSETCATALOG_COMPILER_APPICON_NAME = AppIcon;
				ASSETCATALOG_COMPILER_GLOBAL_ACCENT_COLOR_NAME = AccentColor;
				CODE_SIGN_STYLE = Automatic;
				CURRENT_PROJECT_VERSION = 1;
				DEVELOPMENT_TEAM = Q2Y5YTW2CM;
				GENERATE_INFOPLIST_FILE = YES;
				INFOPLIST_FILE = Actividad9/Info.plist;
				INFOPLIST_KEY_UIApplicationSupportsIndirectInputEvents = YES;
				INFOPLIST_KEY_UILaunchStoryboardName = LaunchScreen;
				INFOPLIST_KEY_UIMainStoryboardFile = Main;
				INFOPLIST_KEY_UISupportedInterfaceOrientations_iPad = "UIInterfaceOrientationPortrait UIInterfaceOrientationPortraitUpsideDown UIInterfaceOrientationLandscapeLeft UIInterfaceOrientationLandscapeRight";
				INFOPLIST_KEY_UISupportedInterfaceOrientations_iPhone = "UIInterfaceOrientationPortrait UIInterfaceOrientationLandscapeLeft UIInterfaceOrientationLandscapeRight";
				LD_RUNPATH_SEARCH_PATHS = (
					"$(inherited)",
					"@executable_path/Frameworks",
				);
				MARKETING_VERSION = 1.0;
				PRODUCT_BUNDLE_IDENTIFIER = Mariana.Actividad9;
				PRODUCT_NAME = "$(TARGET_NAME)";
				SWIFT_EMIT_LOC_STRINGS = YES;
				SWIFT_VERSION = 5.0;
				TARGETED_DEVICE_FAMILY = "1,2";
			};
			name = Release;
		};
		D742B3122BABAD65008716A1 /* Debug */ = {
			isa = XCBuildConfiguration;
			buildSettings = {
				ALWAYS_EMBED_SWIFT_STANDARD_LIBRARIES = YES;
				BUNDLE_LOADER = "$(TEST_HOST)";
				CODE_SIGN_STYLE = Automatic;
				CURRENT_PROJECT_VERSION = 1;
				DEVELOPMENT_TEAM = Q2Y5YTW2CM;
				GENERATE_INFOPLIST_FILE = YES;
				IPHONEOS_DEPLOYMENT_TARGET = 17.2;
				MARKETING_VERSION = 1.0;
				PRODUCT_BUNDLE_IDENTIFIER = Mariana.Actividad9Tests;
				PRODUCT_NAME = "$(TARGET_NAME)";
				SWIFT_EMIT_LOC_STRINGS = NO;
				SWIFT_VERSION = 5.0;
				TARGETED_DEVICE_FAMILY = "1,2";
				TEST_HOST = "$(BUILT_PRODUCTS_DIR)/Actividad9.app/$(BUNDLE_EXECUTABLE_FOLDER_PATH)/Actividad9";
			};
			name = Debug;
		};
		D742B3132BABAD65008716A1 /* Release */ = {
			isa = XCBuildConfiguration;
			buildSettings = {
				ALWAYS_EMBED_SWIFT_STANDARD_LIBRARIES = YES;
				BUNDLE_LOADER = "$(TEST_HOST)";
				CODE_SIGN_STYLE = Automatic;
				CURRENT_PROJECT_VERSION = 1;
				DEVELOPMENT_TEAM = Q2Y5YTW2CM;
				GENERATE_INFOPLIST_FILE = YES;
				IPHONEOS_DEPLOYMENT_TARGET = 17.2;
				MARKETING_VERSION = 1.0;
				PRODUCT_BUNDLE_IDENTIFIER = Mariana.Actividad9Tests;
				PRODUCT_NAME = "$(TARGET_NAME)";
				SWIFT_EMIT_LOC_STRINGS = NO;
				SWIFT_VERSION = 5.0;
				TARGETED_DEVICE_FAMILY = "1,2";
				TEST_HOST = "$(BUILT_PRODUCTS_DIR)/Actividad9.app/$(BUNDLE_EXECUTABLE_FOLDER_PATH)/Actividad9";
			};
			name = Release;
		};
		D742B3152BABAD65008716A1 /* Debug */ = {
			isa = XCBuildConfiguration;
			buildSettings = {
				ALWAYS_EMBED_SWIFT_STANDARD_LIBRARIES = YES;
				CODE_SIGN_STYLE = Automatic;
				CURRENT_PROJECT_VERSION = 1;
				DEVELOPMENT_TEAM = Q2Y5YTW2CM;
				GENERATE_INFOPLIST_FILE = YES;
				MARKETING_VERSION = 1.0;
				PRODUCT_BUNDLE_IDENTIFIER = Mariana.Actividad9UITests;
				PRODUCT_NAME = "$(TARGET_NAME)";
				SWIFT_EMIT_LOC_STRINGS = NO;
				SWIFT_VERSION = 5.0;
				TARGETED_DEVICE_FAMILY = "1,2";
				TEST_TARGET_NAME = Actividad9;
			};
			name = Debug;
		};
		D742B3162BABAD65008716A1 /* Release */ = {
			isa = XCBuildConfiguration;
			buildSettings = {
				ALWAYS_EMBED_SWIFT_STANDARD_LIBRARIES = YES;
				CODE_SIGN_STYLE = Automatic;
				CURRENT_PROJECT_VERSION = 1;
				DEVELOPMENT_TEAM = Q2Y5YTW2CM;
				GENERATE_INFOPLIST_FILE = YES;
				MARKETING_VERSION = 1.0;
				PRODUCT_BUNDLE_IDENTIFIER = Mariana.Actividad9UITests;
				PRODUCT_NAME = "$(TARGET_NAME)";
				SWIFT_EMIT_LOC_STRINGS = NO;
				SWIFT_VERSION = 5.0;
				TARGETED_DEVICE_FAMILY = "1,2";
				TEST_TARGET_NAME = Actividad9;
			};
			name = Release;
		};
/* End XCBuildConfiguration section */

/* Begin XCConfigurationList section */
		D742B2DF2BABAD63008716A1 /* Build configuration list for PBXProject "Actividad9" */ = {
			isa = XCConfigurationList;
			buildConfigurations = (
				D742B30C2BABAD65008716A1 /* Debug */,
				D742B30D2BABAD65008716A1 /* Release */,
			);
			defaultConfigurationIsVisible = 0;
			defaultConfigurationName = Release;
		};
		D742B30E2BABAD65008716A1 /* Build configuration list for PBXNativeTarget "Actividad9" */ = {
			isa = XCConfigurationList;
			buildConfigurations = (
				D742B30F2BABAD65008716A1 /* Debug */,
				D742B3102BABAD65008716A1 /* Release */,
			);
			defaultConfigurationIsVisible = 0;
			defaultConfigurationName = Release;
		};
		D742B3112BABAD65008716A1 /* Build configuration list for PBXNativeTarget "Actividad9Tests" */ = {
			isa = XCConfigurationList;
			buildConfigurations = (
				D742B3122BABAD65008716A1 /* Debug */,
				D742B3132BABAD65008716A1 /* Release */,
			);
			defaultConfigurationIsVisible = 0;
			defaultConfigurationName = Release;
		};
		D742B3142BABAD65008716A1 /* Build configuration list for PBXNativeTarget "Actividad9UITests" */ = {
			isa = XCConfigurationList;
			buildConfigurations = (
				D742B3152BABAD65008716A1 /* Debug */,
				D742B3162BABAD65008716A1 /* Release */,
			);
			defaultConfigurationIsVisible = 0;
			defaultConfigurationName = Release;
		};
/* End XCConfigurationList section */
	};
	rootObject = D742B2DC2BABAD63008716A1 /* Project object */;
}
