// !$*UTF8*$!
{
	archiveVersion = 1;
	classes = {
	};
	objectVersion = 56;
	objects = {

/* Begin PBXBuildFile section */
		D77B446E2B79B77D002034D1 /* AppDelegate.swift in Sources */ = {isa = PBXBuildFile; fileRef = D77B446D2B79B77D002034D1 /* AppDelegate.swift */; };
		D77B44702B79B77D002034D1 /* SceneDelegate.swift in Sources */ = {isa = PBXBuildFile; fileRef = D77B446F2B79B77D002034D1 /* SceneDelegate.swift */; };
		D77B44722B79B77D002034D1 /* ViewController.swift in Sources */ = {isa = PBXBuildFile; fileRef = D77B44712B79B77D002034D1 /* ViewController.swift */; };
		D77B44752B79B77D002034D1 /* Main.storyboard in Resources */ = {isa = PBXBuildFile; fileRef = D77B44732B79B77D002034D1 /* Main.storyboard */; };
		D77B44772B79B77E002034D1 /* Assets.xcassets in Resources */ = {isa = PBXBuildFile; fileRef = D77B44762B79B77E002034D1 /* Assets.xcassets */; };
		D77B447A2B79B77E002034D1 /* LaunchScreen.storyboard in Resources */ = {isa = PBXBuildFile; fileRef = D77B44782B79B77E002034D1 /* LaunchScreen.storyboard */; };
		D77B44852B79B77E002034D1 /* act3y4Tests.swift in Sources */ = {isa = PBXBuildFile; fileRef = D77B44842B79B77E002034D1 /* act3y4Tests.swift */; };
		D77B448F2B79B77E002034D1 /* act3y4UITests.swift in Sources */ = {isa = PBXBuildFile; fileRef = D77B448E2B79B77E002034D1 /* act3y4UITests.swift */; };
		D77B44912B79B77E002034D1 /* act3y4UITestsLaunchTests.swift in Sources */ = {isa = PBXBuildFile; fileRef = D77B44902B79B77E002034D1 /* act3y4UITestsLaunchTests.swift */; };
/* End PBXBuildFile section */

/* Begin PBXContainerItemProxy section */
		D77B44812B79B77E002034D1 /* PBXContainerItemProxy */ = {
			isa = PBXContainerItemProxy;
			containerPortal = D77B44622B79B77D002034D1 /* Project object */;
			proxyType = 1;
			remoteGlobalIDString = D77B44692B79B77D002034D1;
			remoteInfo = act3y4;
		};
		D77B448B2B79B77E002034D1 /* PBXContainerItemProxy */ = {
			isa = PBXContainerItemProxy;
			containerPortal = D77B44622B79B77D002034D1 /* Project object */;
			proxyType = 1;
			remoteGlobalIDString = D77B44692B79B77D002034D1;
			remoteInfo = act3y4;
		};
/* End PBXContainerItemProxy section */

/* Begin PBXFileReference section */
		D77B446A2B79B77D002034D1 /* act3y4.app */ = {isa = PBXFileReference; explicitFileType = wrapper.application; includeInIndex = 0; path = act3y4.app; sourceTree = BUILT_PRODUCTS_DIR; };
		D77B446D2B79B77D002034D1 /* AppDelegate.swift */ = {isa = PBXFileReference; lastKnownFileType = sourcecode.swift; path = AppDelegate.swift; sourceTree = "<group>"; };
		D77B446F2B79B77D002034D1 /* SceneDelegate.swift */ = {isa = PBXFileReference; lastKnownFileType = sourcecode.swift; path = SceneDelegate.swift; sourceTree = "<group>"; };
		D77B44712B79B77D002034D1 /* ViewController.swift */ = {isa = PBXFileReference; lastKnownFileType = sourcecode.swift; path = ViewController.swift; sourceTree = "<group>"; };
		D77B44742B79B77D002034D1 /* Base */ = {isa = PBXFileReference; lastKnownFileType = file.storyboard; name = Base; path = Base.lproj/Main.storyboard; sourceTree = "<group>"; };
		D77B44762B79B77E002034D1 /* Assets.xcassets */ = {isa = PBXFileReference; lastKnownFileType = folder.assetcatalog; path = Assets.xcassets; sourceTree = "<group>"; };
		D77B44792B79B77E002034D1 /* Base */ = {isa = PBXFileReference; lastKnownFileType = file.storyboard; name = Base; path = Base.lproj/LaunchScreen.storyboard; sourceTree = "<group>"; };
		D77B447B2B79B77E002034D1 /* Info.plist */ = {isa = PBXFileReference; lastKnownFileType = text.plist.xml; path = Info.plist; sourceTree = "<group>"; };
		D77B44802B79B77E002034D1 /* act3y4Tests.xctest */ = {isa = PBXFileReference; explicitFileType = wrapper.cfbundle; includeInIndex = 0; path = act3y4Tests.xctest; sourceTree = BUILT_PRODUCTS_DIR; };
		D77B44842B79B77E002034D1 /* act3y4Tests.swift */ = {isa = PBXFileReference; lastKnownFileType = sourcecode.swift; path = act3y4Tests.swift; sourceTree = "<group>"; };
		D77B448A2B79B77E002034D1 /* act3y4UITests.xctest */ = {isa = PBXFileReference; explicitFileType = wrapper.cfbundle; includeInIndex = 0; path = act3y4UITests.xctest; sourceTree = BUILT_PRODUCTS_DIR; };
		D77B448E2B79B77E002034D1 /* act3y4UITests.swift */ = {isa = PBXFileReference; lastKnownFileType = sourcecode.swift; path = act3y4UITests.swift; sourceTree = "<group>"; };
		D77B44902B79B77E002034D1 /* act3y4UITestsLaunchTests.swift */ = {isa = PBXFileReference; lastKnownFileType = sourcecode.swift; path = act3y4UITestsLaunchTests.swift; sourceTree = "<group>"; };
/* End PBXFileReference section */

/* Begin PBXFrameworksBuildPhase section */
		D77B44672B79B77D002034D1 /* Frameworks */ = {
			isa = PBXFrameworksBuildPhase;
			buildActionMask = 2147483647;
			files = (
			);
			runOnlyForDeploymentPostprocessing = 0;
		};
		D77B447D2B79B77E002034D1 /* Frameworks */ = {
			isa = PBXFrameworksBuildPhase;
			buildActionMask = 2147483647;
			files = (
			);
			runOnlyForDeploymentPostprocessing = 0;
		};
		D77B44872B79B77E002034D1 /* Frameworks */ = {
			isa = PBXFrameworksBuildPhase;
			buildActionMask = 2147483647;
			files = (
			);
			runOnlyForDeploymentPostprocessing = 0;
		};
/* End PBXFrameworksBuildPhase section */

/* Begin PBXGroup section */
		D77B44612B79B77D002034D1 = {
			isa = PBXGroup;
			children = (
				D77B446C2B79B77D002034D1 /* act3y4 */,
				D77B44832B79B77E002034D1 /* act3y4Tests */,
				D77B448D2B79B77E002034D1 /* act3y4UITests */,
				D77B446B2B79B77D002034D1 /* Products */,
			);
			sourceTree = "<group>";
		};
		D77B446B2B79B77D002034D1 /* Products */ = {
			isa = PBXGroup;
			children = (
				D77B446A2B79B77D002034D1 /* act3y4.app */,
				D77B44802B79B77E002034D1 /* act3y4Tests.xctest */,
				D77B448A2B79B77E002034D1 /* act3y4UITests.xctest */,
			);
			name = Products;
			sourceTree = "<group>";
		};
		D77B446C2B79B77D002034D1 /* act3y4 */ = {
			isa = PBXGroup;
			children = (
				D77B446D2B79B77D002034D1 /* AppDelegate.swift */,
				D77B446F2B79B77D002034D1 /* SceneDelegate.swift */,
				D77B44712B79B77D002034D1 /* ViewController.swift */,
				D77B44732B79B77D002034D1 /* Main.storyboard */,
				D77B44762B79B77E002034D1 /* Assets.xcassets */,
				D77B44782B79B77E002034D1 /* LaunchScreen.storyboard */,
				D77B447B2B79B77E002034D1 /* Info.plist */,
			);
			path = act3y4;
			sourceTree = "<group>";
		};
		D77B44832B79B77E002034D1 /* act3y4Tests */ = {
			isa = PBXGroup;
			children = (
				D77B44842B79B77E002034D1 /* act3y4Tests.swift */,
			);
			path = act3y4Tests;
			sourceTree = "<group>";
		};
		D77B448D2B79B77E002034D1 /* act3y4UITests */ = {
			isa = PBXGroup;
			children = (
				D77B448E2B79B77E002034D1 /* act3y4UITests.swift */,
				D77B44902B79B77E002034D1 /* act3y4UITestsLaunchTests.swift */,
			);
			path = act3y4UITests;
			sourceTree = "<group>";
		};
/* End PBXGroup section */

/* Begin PBXNativeTarget section */
		D77B44692B79B77D002034D1 /* act3y4 */ = {
			isa = PBXNativeTarget;
			buildConfigurationList = D77B44942B79B77E002034D1 /* Build configuration list for PBXNativeTarget "act3y4" */;
			buildPhases = (
				D77B44662B79B77D002034D1 /* Sources */,
				D77B44672B79B77D002034D1 /* Frameworks */,
				D77B44682B79B77D002034D1 /* Resources */,
			);
			buildRules = (
			);
			dependencies = (
			);
			name = act3y4;
			productName = act3y4;
			productReference = D77B446A2B79B77D002034D1 /* act3y4.app */;
			productType = "com.apple.product-type.application";
		};
		D77B447F2B79B77E002034D1 /* act3y4Tests */ = {
			isa = PBXNativeTarget;
			buildConfigurationList = D77B44972B79B77E002034D1 /* Build configuration list for PBXNativeTarget "act3y4Tests" */;
			buildPhases = (
				D77B447C2B79B77E002034D1 /* Sources */,
				D77B447D2B79B77E002034D1 /* Frameworks */,
				D77B447E2B79B77E002034D1 /* Resources */,
			);
			buildRules = (
			);
			dependencies = (
				D77B44822B79B77E002034D1 /* PBXTargetDependency */,
			);
			name = act3y4Tests;
			productName = act3y4Tests;
			productReference = D77B44802B79B77E002034D1 /* act3y4Tests.xctest */;
			productType = "com.apple.product-type.bundle.unit-test";
		};
		D77B44892B79B77E002034D1 /* act3y4UITests */ = {
			isa = PBXNativeTarget;
			buildConfigurationList = D77B449A2B79B77E002034D1 /* Build configuration list for PBXNativeTarget "act3y4UITests" */;
			buildPhases = (
				D77B44862B79B77E002034D1 /* Sources */,
				D77B44872B79B77E002034D1 /* Frameworks */,
				D77B44882B79B77E002034D1 /* Resources */,
			);
			buildRules = (
			);
			dependencies = (
				D77B448C2B79B77E002034D1 /* PBXTargetDependency */,
			);
			name = act3y4UITests;
			productName = act3y4UITests;
			productReference = D77B448A2B79B77E002034D1 /* act3y4UITests.xctest */;
			productType = "com.apple.product-type.bundle.ui-testing";
		};
/* End PBXNativeTarget section */

/* Begin PBXProject section */
		D77B44622B79B77D002034D1 /* Project object */ = {
			isa = PBXProject;
			attributes = {
				BuildIndependentTargetsInParallel = 1;
				LastSwiftUpdateCheck = 1520;
				LastUpgradeCheck = 1520;
				TargetAttributes = {
					D77B44692B79B77D002034D1 = {
						CreatedOnToolsVersion = 15.2;
					};
					D77B447F2B79B77E002034D1 = {
						CreatedOnToolsVersion = 15.2;
						TestTargetID = D77B44692B79B77D002034D1;
					};
					D77B44892B79B77E002034D1 = {
						CreatedOnToolsVersion = 15.2;
						TestTargetID = D77B44692B79B77D002034D1;
					};
				};
			};
			buildConfigurationList = D77B44652B79B77D002034D1 /* Build configuration list for PBXProject "act3y4" */;
			compatibilityVersion = "Xcode 14.0";
			developmentRegion = en;
			hasScannedForEncodings = 0;
			knownRegions = (
				en,
				Base,
			);
			mainGroup = D77B44612B79B77D002034D1;
			productRefGroup = D77B446B2B79B77D002034D1 /* Products */;
			projectDirPath = "";
			projectRoot = "";
			targets = (
				D77B44692B79B77D002034D1 /* act3y4 */,
				D77B447F2B79B77E002034D1 /* act3y4Tests */,
				D77B44892B79B77E002034D1 /* act3y4UITests */,
			);
		};
/* End PBXProject section */

/* Begin PBXResourcesBuildPhase section */
		D77B44682B79B77D002034D1 /* Resources */ = {
			isa = PBXResourcesBuildPhase;
			buildActionMask = 2147483647;
			files = (
				D77B447A2B79B77E002034D1 /* LaunchScreen.storyboard in Resources */,
				D77B44772B79B77E002034D1 /* Assets.xcassets in Resources */,
				D77B44752B79B77D002034D1 /* Main.storyboard in Resources */,
			);
			runOnlyForDeploymentPostprocessing = 0;
		};
		D77B447E2B79B77E002034D1 /* Resources */ = {
			isa = PBXResourcesBuildPhase;
			buildActionMask = 2147483647;
			files = (
			);
			runOnlyForDeploymentPostprocessing = 0;
		};
		D77B44882B79B77E002034D1 /* Resources */ = {
			isa = PBXResourcesBuildPhase;
			buildActionMask = 2147483647;
			files = (
			);
			runOnlyForDeploymentPostprocessing = 0;
		};
/* End PBXResourcesBuildPhase section */

/* Begin PBXSourcesBuildPhase section */
		D77B44662B79B77D002034D1 /* Sources */ = {
			isa = PBXSourcesBuildPhase;
			buildActionMask = 2147483647;
			files = (
				D77B44722B79B77D002034D1 /* ViewController.swift in Sources */,
				D77B446E2B79B77D002034D1 /* AppDelegate.swift in Sources */,
				D77B44702B79B77D002034D1 /* SceneDelegate.swift in Sources */,
			);
			runOnlyForDeploymentPostprocessing = 0;
		};
		D77B447C2B79B77E002034D1 /* Sources */ = {
			isa = PBXSourcesBuildPhase;
			buildActionMask = 2147483647;
			files = (
				D77B44852B79B77E002034D1 /* act3y4Tests.swift in Sources */,
			);
			runOnlyForDeploymentPostprocessing = 0;
		};
		D77B44862B79B77E002034D1 /* Sources */ = {
			isa = PBXSourcesBuildPhase;
			buildActionMask = 2147483647;
			files = (
				D77B44912B79B77E002034D1 /* act3y4UITestsLaunchTests.swift in Sources */,
				D77B448F2B79B77E002034D1 /* act3y4UITests.swift in Sources */,
			);
			runOnlyForDeploymentPostprocessing = 0;
		};
/* End PBXSourcesBuildPhase section */

/* Begin PBXTargetDependency section */
		D77B44822B79B77E002034D1 /* PBXTargetDependency */ = {
			isa = PBXTargetDependency;
			target = D77B44692B79B77D002034D1 /* act3y4 */;
			targetProxy = D77B44812B79B77E002034D1 /* PBXContainerItemProxy */;
		};
		D77B448C2B79B77E002034D1 /* PBXTargetDependency */ = {
			isa = PBXTargetDependency;
			target = D77B44692B79B77D002034D1 /* act3y4 */;
			targetProxy = D77B448B2B79B77E002034D1 /* PBXContainerItemProxy */;
		};
/* End PBXTargetDependency section */

/* Begin PBXVariantGroup section */
		D77B44732B79B77D002034D1 /* Main.storyboard */ = {
			isa = PBXVariantGroup;
			children = (
				D77B44742B79B77D002034D1 /* Base */,
			);
			name = Main.storyboard;
			sourceTree = "<group>";
		};
		D77B44782B79B77E002034D1 /* LaunchScreen.storyboard */ = {
			isa = PBXVariantGroup;
			children = (
				D77B44792B79B77E002034D1 /* Base */,
			);
			name = LaunchScreen.storyboard;
			sourceTree = "<group>";
		};
/* End PBXVariantGroup section */

/* Begin XCBuildConfiguration section */
		D77B44922B79B77E002034D1 /* Debug */ = {
			isa = XCBuildConfiguration;
			buildSettings = {
				ALWAYS_SEARCH_USER_PATHS = NO;
				ASSETCATALOG_COMPILER_GENERATE_SWIFT_ASSET_SYMBOL_EXTENSIONS = YES;
				CLANG_ANALYZER_NONNULL = YES;
				CLANG_ANALYZER_NUMBER_OBJECT_CONVERSION = YES_AGGRESSIVE;
				CLANG_CXX_LANGUAGE_STANDARD = "gnu++20";
				CLANG_ENABLE_MODULES = YES;
				CLANG_ENABLE_OBJC_ARC = YES;
				CLANG_ENABLE_OBJC_WEAK = YES;
				CLANG_WARN_BLOCK_CAPTURE_AUTORELEASING = YES;
				CLANG_WARN_BOOL_CONVERSION = YES;
				CLANG_WARN_COMMA = YES;
				CLANG_WARN_CONSTANT_CONVERSION = YES;
				CLANG_WARN_DEPRECATED_OBJC_IMPLEMENTATIONS = YES;
				CLANG_WARN_DIRECT_OBJC_ISA_USAGE = YES_ERROR;
				CLANG_WARN_DOCUMENTATION_COMMENTS = YES;
				CLANG_WARN_EMPTY_BODY = YES;
				CLANG_WARN_ENUM_CONVERSION = YES;
				CLANG_WARN_INFINITE_RECURSION = YES;
				CLANG_WARN_INT_CONVERSION = YES;
				CLANG_WARN_NON_LITERAL_NULL_CONVERSION = YES;
				CLANG_WARN_OBJC_IMPLICIT_RETAIN_SELF = YES;
				CLANG_WARN_OBJC_LITERAL_CONVERSION = YES;
				CLANG_WARN_OBJC_ROOT_CLASS = YES_ERROR;
				CLANG_WARN_QUOTED_INCLUDE_IN_FRAMEWORK_HEADER = YES;
				CLANG_WARN_RANGE_LOOP_ANALYSIS = YES;
				CLANG_WARN_STRICT_PROTOTYPES = YES;
				CLANG_WARN_SUSPICIOUS_MOVE = YES;
				CLANG_WARN_UNGUARDED_AVAILABILITY = YES_AGGRESSIVE;
				CLANG_WARN_UNREACHABLE_CODE = YES;
				CLANG_WARN__DUPLICATE_METHOD_MATCH = YES;
				COPY_PHASE_STRIP = NO;
				DEBUG_INFORMATION_FORMAT = dwarf;
				ENABLE_STRICT_OBJC_MSGSEND = YES;
				ENABLE_TESTABILITY = YES;
				ENABLE_USER_SCRIPT_SANDBOXING = YES;
				GCC_C_LANGUAGE_STANDARD = gnu17;
				GCC_DYNAMIC_NO_PIC = NO;
				GCC_NO_COMMON_BLOCKS = YES;
				GCC_OPTIMIZATION_LEVEL = 0;
				GCC_PREPROCESSOR_DEFINITIONS = (
					"DEBUG=1",
					"$(inherited)",
				);
				GCC_WARN_64_TO_32_BIT_CONVERSION = YES;
				GCC_WARN_ABOUT_RETURN_TYPE = YES_ERROR;
				GCC_WARN_UNDECLARED_SELECTOR = YES;
				GCC_WARN_UNINITIALIZED_AUTOS = YES_AGGRESSIVE;
				GCC_WARN_UNUSED_FUNCTION = YES;
				GCC_WARN_UNUSED_VARIABLE = YES;
				IPHONEOS_DEPLOYMENT_TARGET = 17.2;
				LOCALIZATION_PREFERS_STRING_CATALOGS = YES;
				MTL_ENABLE_DEBUG_INFO = INCLUDE_SOURCE;
				MTL_FAST_MATH = YES;
				ONLY_ACTIVE_ARCH = YES;
				SDKROOT = iphoneos;
				SWIFT_ACTIVE_COMPILATION_CONDITIONS = "DEBUG $(inherited)";
				SWIFT_OPTIMIZATION_LEVEL = "-Onone";
			};
			name = Debug;
		};
		D77B44932B79B77E002034D1 /* Release */ = {
			isa = XCBuildConfiguration;
			buildSettings = {
				ALWAYS_SEARCH_USER_PATHS = NO;
				ASSETCATALOG_COMPILER_GENERATE_SWIFT_ASSET_SYMBOL_EXTENSIONS = YES;
				CLANG_ANALYZER_NONNULL = YES;
				CLANG_ANALYZER_NUMBER_OBJECT_CONVERSION = YES_AGGRESSIVE;
				CLANG_CXX_LANGUAGE_STANDARD = "gnu++20";
				CLANG_ENABLE_MODULES = YES;
				CLANG_ENABLE_OBJC_ARC = YES;
				CLANG_ENABLE_OBJC_WEAK = YES;
				CLANG_WARN_BLOCK_CAPTURE_AUTORELEASING = YES;
				CLANG_WARN_BOOL_CONVERSION = YES;
				CLANG_WARN_COMMA = YES;
				CLANG_WARN_CONSTANT_CONVERSION = YES;
				CLANG_WARN_DEPRECATED_OBJC_IMPLEMENTATIONS = YES;
				CLANG_WARN_DIRECT_OBJC_ISA_USAGE = YES_ERROR;
				CLANG_WARN_DOCUMENTATION_COMMENTS = YES;
				CLANG_WARN_EMPTY_BODY = YES;
				CLANG_WARN_ENUM_CONVERSION = YES;
				CLANG_WARN_INFINITE_RECURSION = YES;
				CLANG_WARN_INT_CONVERSION = YES;
				CLANG_WARN_NON_LITERAL_NULL_CONVERSION = YES;
				CLANG_WARN_OBJC_IMPLICIT_RETAIN_SELF = YES;
				CLANG_WARN_OBJC_LITERAL_CONVERSION = YES;
				CLANG_WARN_OBJC_ROOT_CLASS = YES_ERROR;
				CLANG_WARN_QUOTED_INCLUDE_IN_FRAMEWORK_HEADER = YES;
				CLANG_WARN_RANGE_LOOP_ANALYSIS = YES;
				CLANG_WARN_STRICT_PROTOTYPES = YES;
				CLANG_WARN_SUSPICIOUS_MOVE = YES;
				CLANG_WARN_UNGUARDED_AVAILABILITY = YES_AGGRESSIVE;
				CLANG_WARN_UNREACHABLE_CODE = YES;
				CLANG_WARN__DUPLICATE_METHOD_MATCH = YES;
				COPY_PHASE_STRIP = NO;
				DEBUG_INFORMATION_FORMAT = "dwarf-with-dsym";
				ENABLE_NS_ASSERTIONS = NO;
				ENABLE_STRICT_OBJC_MSGSEND = YES;
				ENABLE_USER_SCRIPT_SANDBOXING = YES;
				GCC_C_LANGUAGE_STANDARD = gnu17;
				GCC_NO_COMMON_BLOCKS = YES;
				GCC_WARN_64_TO_32_BIT_CONVERSION = YES;
				GCC_WARN_ABOUT_RETURN_TYPE = YES_ERROR;
				GCC_WARN_UNDECLARED_SELECTOR = YES;
				GCC_WARN_UNINITIALIZED_AUTOS = YES_AGGRESSIVE;
				GCC_WARN_UNUSED_FUNCTION = YES;
				GCC_WARN_UNUSED_VARIABLE = YES;
				IPHONEOS_DEPLOYMENT_TARGET = 17.2;
				LOCALIZATION_PREFERS_STRING_CATALOGS = YES;
				MTL_ENABLE_DEBUG_INFO = NO;
				MTL_FAST_MATH = YES;
				SDKROOT = iphoneos;
				SWIFT_COMPILATION_MODE = wholemodule;
				VALIDATE_PRODUCT = YES;
			};
			name = Release;
		};
		D77B44952B79B77E002034D1 /* Debug */ = {
			isa = XCBuildConfiguration;
			buildSettings = {
				ASSETCATALOG_COMPILER_APPICON_NAME = AppIcon;
				ASSETCATALOG_COMPILER_GLOBAL_ACCENT_COLOR_NAME = AccentColor;
				CODE_SIGN_STYLE = Automatic;
				CURRENT_PROJECT_VERSION = 1;
				DEVELOPMENT_TEAM = Q2Y5YTW2CM;
				GENERATE_INFOPLIST_FILE = YES;
				INFOPLIST_FILE = act3y4/Info.plist;
				INFOPLIST_KEY_UIApplicationSupportsIndirectInputEvents = YES;
				INFOPLIST_KEY_UILaunchStoryboardName = LaunchScreen;
				INFOPLIST_KEY_UIMainStoryboardFile = Main;
				INFOPLIST_KEY_UISupportedInterfaceOrientations_iPad = "UIInterfaceOrientationPortrait UIInterfaceOrientationPortraitUpsideDown UIInterfaceOrientationLandscapeLeft UIInterfaceOrientationLandscapeRight";
				INFOPLIST_KEY_UISupportedInterfaceOrientations_iPhone = "UIInterfaceOrientationPortrait UIInterfaceOrientationLandscapeLeft UIInterfaceOrientationLandscapeRight";
				LD_RUNPATH_SEARCH_PATHS = (
					"$(inherited)",
					"@executable_path/Frameworks",
				);
				MARKETING_VERSION = 1.0;
				PRODUCT_BUNDLE_IDENTIFIER = Mariana.act3y4;
				PRODUCT_NAME = "$(TARGET_NAME)";
				SWIFT_EMIT_LOC_STRINGS = YES;
				SWIFT_VERSION = 5.0;
				TARGETED_DEVICE_FAMILY = "1,2";
			};
			name = Debug;
		};
		D77B44962B79B77E002034D1 /* Release */ = {
			isa = XCBuildConfiguration;
			buildSettings = {
				ASSETCATALOG_COMPILER_APPICON_NAME = AppIcon;
				ASSETCATALOG_COMPILER_GLOBAL_ACCENT_COLOR_NAME = AccentColor;
				CODE_SIGN_STYLE = Automatic;
				CURRENT_PROJECT_VERSION = 1;
				DEVELOPMENT_TEAM = Q2Y5YTW2CM;
				GENERATE_INFOPLIST_FILE = YES;
				INFOPLIST_FILE = act3y4/Info.plist;
				INFOPLIST_KEY_UIApplicationSupportsIndirectInputEvents = YES;
				INFOPLIST_KEY_UILaunchStoryboardName = LaunchScreen;
				INFOPLIST_KEY_UIMainStoryboardFile = Main;
				INFOPLIST_KEY_UISupportedInterfaceOrientations_iPad = "UIInterfaceOrientationPortrait UIInterfaceOrientationPortraitUpsideDown UIInterfaceOrientationLandscapeLeft UIInterfaceOrientationLandscapeRight";
				INFOPLIST_KEY_UISupportedInterfaceOrientations_iPhone = "UIInterfaceOrientationPortrait UIInterfaceOrientationLandscapeLeft UIInterfaceOrientationLandscapeRight";
				LD_RUNPATH_SEARCH_PATHS = (
					"$(inherited)",
					"@executable_path/Frameworks",
				);
				MARKETING_VERSION = 1.0;
				PRODUCT_BUNDLE_IDENTIFIER = Mariana.act3y4;
				PRODUCT_NAME = "$(TARGET_NAME)";
				SWIFT_EMIT_LOC_STRINGS = YES;
				SWIFT_VERSION = 5.0;
				TARGETED_DEVICE_FAMILY = "1,2";
			};
			name = Release;
		};
		D77B44982B79B77E002034D1 /* Debug */ = {
			isa = XCBuildConfiguration;
			buildSettings = {
				ALWAYS_EMBED_SWIFT_STANDARD_LIBRARIES = YES;
				BUNDLE_LOADER = "$(TEST_HOST)";
				CODE_SIGN_STYLE = Automatic;
				CURRENT_PROJECT_VERSION = 1;
				DEVELOPMENT_TEAM = Q2Y5YTW2CM;
				GENERATE_INFOPLIST_FILE = YES;
				IPHONEOS_DEPLOYMENT_TARGET = 17.2;
				MARKETING_VERSION = 1.0;
				PRODUCT_BUNDLE_IDENTIFIER = Mariana.act3y4Tests;
				PRODUCT_NAME = "$(TARGET_NAME)";
				SWIFT_EMIT_LOC_STRINGS = NO;
				SWIFT_VERSION = 5.0;
				TARGETED_DEVICE_FAMILY = "1,2";
				TEST_HOST = "$(BUILT_PRODUCTS_DIR)/act3y4.app/$(BUNDLE_EXECUTABLE_FOLDER_PATH)/act3y4";
			};
			name = Debug;
		};
		D77B44992B79B77E002034D1 /* Release */ = {
			isa = XCBuildConfiguration;
			buildSettings = {
				ALWAYS_EMBED_SWIFT_STANDARD_LIBRARIES = YES;
				BUNDLE_LOADER = "$(TEST_HOST)";
				CODE_SIGN_STYLE = Automatic;
				CURRENT_PROJECT_VERSION = 1;
				DEVELOPMENT_TEAM = Q2Y5YTW2CM;
				GENERATE_INFOPLIST_FILE = YES;
				IPHONEOS_DEPLOYMENT_TARGET = 17.2;
				MARKETING_VERSION = 1.0;
				PRODUCT_BUNDLE_IDENTIFIER = Mariana.act3y4Tests;
				PRODUCT_NAME = "$(TARGET_NAME)";
				SWIFT_EMIT_LOC_STRINGS = NO;
				SWIFT_VERSION = 5.0;
				TARGETED_DEVICE_FAMILY = "1,2";
				TEST_HOST = "$(BUILT_PRODUCTS_DIR)/act3y4.app/$(BUNDLE_EXECUTABLE_FOLDER_PATH)/act3y4";
			};
			name = Release;
		};
		D77B449B2B79B77E002034D1 /* Debug */ = {
			isa = XCBuildConfiguration;
			buildSettings = {
				ALWAYS_EMBED_SWIFT_STANDARD_LIBRARIES = YES;
				CODE_SIGN_STYLE = Automatic;
				CURRENT_PROJECT_VERSION = 1;
				DEVELOPMENT_TEAM = Q2Y5YTW2CM;
				GENERATE_INFOPLIST_FILE = YES;
				MARKETING_VERSION = 1.0;
				PRODUCT_BUNDLE_IDENTIFIER = Mariana.act3y4UITests;
				PRODUCT_NAME = "$(TARGET_NAME)";
				SWIFT_EMIT_LOC_STRINGS = NO;
				SWIFT_VERSION = 5.0;
				TARGETED_DEVICE_FAMILY = "1,2";
				TEST_TARGET_NAME = act3y4;
			};
			name = Debug;
		};
		D77B449C2B79B77E002034D1 /* Release */ = {
			isa = XCBuildConfiguration;
			buildSettings = {
				ALWAYS_EMBED_SWIFT_STANDARD_LIBRARIES = YES;
				CODE_SIGN_STYLE = Automatic;
				CURRENT_PROJECT_VERSION = 1;
				DEVELOPMENT_TEAM = Q2Y5YTW2CM;
				GENERATE_INFOPLIST_FILE = YES;
				MARKETING_VERSION = 1.0;
				PRODUCT_BUNDLE_IDENTIFIER = Mariana.act3y4UITests;
				PRODUCT_NAME = "$(TARGET_NAME)";
				SWIFT_EMIT_LOC_STRINGS = NO;
				SWIFT_VERSION = 5.0;
				TARGETED_DEVICE_FAMILY = "1,2";
				TEST_TARGET_NAME = act3y4;
			};
			name = Release;
		};
/* End XCBuildConfiguration section */

/* Begin XCConfigurationList section */
		D77B44652B79B77D002034D1 /* Build configuration list for PBXProject "act3y4" */ = {
			isa = XCConfigurationList;
			buildConfigurations = (
				D77B44922B79B77E002034D1 /* Debug */,
				D77B44932B79B77E002034D1 /* Release */,
			);
			defaultConfigurationIsVisible = 0;
			defaultConfigurationName = Release;
		};
		D77B44942B79B77E002034D1 /* Build configuration list for PBXNativeTarget "act3y4" */ = {
			isa = XCConfigurationList;
			buildConfigurations = (
				D77B44952B79B77E002034D1 /* Debug */,
				D77B44962B79B77E002034D1 /* Release */,
			);
			defaultConfigurationIsVisible = 0;
			defaultConfigurationName = Release;
		};
		D77B44972B79B77E002034D1 /* Build configuration list for PBXNativeTarget "act3y4Tests" */ = {
			isa = XCConfigurationList;
			buildConfigurations = (
				D77B44982B79B77E002034D1 /* Debug */,
				D77B44992B79B77E002034D1 /* Release */,
			);
			defaultConfigurationIsVisible = 0;
			defaultConfigurationName = Release;
		};
		D77B449A2B79B77E002034D1 /* Build configuration list for PBXNativeTarget "act3y4UITests" */ = {
			isa = XCConfigurationList;
			buildConfigurations = (
				D77B449B2B79B77E002034D1 /* Debug */,
				D77B449C2B79B77E002034D1 /* Release */,
			);
			defaultConfigurationIsVisible = 0;
			defaultConfigurationName = Release;
		};
/* End XCConfigurationList section */
	};
	rootObject = D77B44622B79B77D002034D1 /* Project object */;
}
