// !$*UTF8*$!
{
	archiveVersion = 1;
	classes = {
	};
	objectVersion = 56;
	objects = {

/* Begin PBXBuildFile section */
		D7EB1B182BD4B74E001CD09F /* AppDelegate.swift in Sources */ = {isa = PBXBuildFile; fileRef = D7EB1B172BD4B74E001CD09F /* AppDelegate.swift */; };
		D7EB1B1A2BD4B74E001CD09F /* SceneDelegate.swift in Sources */ = {isa = PBXBuildFile; fileRef = D7EB1B192BD4B74E001CD09F /* SceneDelegate.swift */; };
		D7EB1B1C2BD4B74E001CD09F /* ViewController.swift in Sources */ = {isa = PBXBuildFile; fileRef = D7EB1B1B2BD4B74E001CD09F /* ViewController.swift */; };
		D7EB1B1F2BD4B74E001CD09F /* Main.storyboard in Resources */ = {isa = PBXBuildFile; fileRef = D7EB1B1D2BD4B74E001CD09F /* Main.storyboard */; };
		D7EB1B212BD4B750001CD09F /* Assets.xcassets in Resources */ = {isa = PBXBuildFile; fileRef = D7EB1B202BD4B750001CD09F /* Assets.xcassets */; };
		D7EB1B242BD4B750001CD09F /* LaunchScreen.storyboard in Resources */ = {isa = PBXBuildFile; fileRef = D7EB1B222BD4B750001CD09F /* LaunchScreen.storyboard */; };
		D7EB1B2F2BD4B750001CD09F /* Act10_ApplLifeCycleTests.swift in Sources */ = {isa = PBXBuildFile; fileRef = D7EB1B2E2BD4B750001CD09F /* Act10_ApplLifeCycleTests.swift */; };
		D7EB1B392BD4B750001CD09F /* Act10_ApplLifeCycleUITests.swift in Sources */ = {isa = PBXBuildFile; fileRef = D7EB1B382BD4B750001CD09F /* Act10_ApplLifeCycleUITests.swift */; };
		D7EB1B3B2BD4B750001CD09F /* Act10_ApplLifeCycleUITestsLaunchTests.swift in Sources */ = {isa = PBXBuildFile; fileRef = D7EB1B3A2BD4B750001CD09F /* Act10_ApplLifeCycleUITestsLaunchTests.swift */; };
/* End PBXBuildFile section */

/* Begin PBXContainerItemProxy section */
		D7EB1B2B2BD4B750001CD09F /* PBXContainerItemProxy */ = {
			isa = PBXContainerItemProxy;
			containerPortal = D7EB1B0C2BD4B74E001CD09F /* Project object */;
			proxyType = 1;
			remoteGlobalIDString = D7EB1B132BD4B74E001CD09F;
			remoteInfo = "Act10-ApplLifeCycle";
		};
		D7EB1B352BD4B750001CD09F /* PBXContainerItemProxy */ = {
			isa = PBXContainerItemProxy;
			containerPortal = D7EB1B0C2BD4B74E001CD09F /* Project object */;
			proxyType = 1;
			remoteGlobalIDString = D7EB1B132BD4B74E001CD09F;
			remoteInfo = "Act10-ApplLifeCycle";
		};
/* End PBXContainerItemProxy section */

/* Begin PBXFileReference section */
		D7EB1B142BD4B74E001CD09F /* Act10-ApplLifeCycle.app */ = {isa = PBXFileReference; explicitFileType = wrapper.application; includeInIndex = 0; path = "Act10-ApplLifeCycle.app"; sourceTree = BUILT_PRODUCTS_DIR; };
		D7EB1B172BD4B74E001CD09F /* AppDelegate.swift */ = {isa = PBXFileReference; lastKnownFileType = sourcecode.swift; path = AppDelegate.swift; sourceTree = "<group>"; };
		D7EB1B192BD4B74E001CD09F /* SceneDelegate.swift */ = {isa = PBXFileReference; lastKnownFileType = sourcecode.swift; path = SceneDelegate.swift; sourceTree = "<group>"; };
		D7EB1B1B2BD4B74E001CD09F /* ViewController.swift */ = {isa = PBXFileReference; lastKnownFileType = sourcecode.swift; path = ViewController.swift; sourceTree = "<group>"; };
		D7EB1B1E2BD4B74E001CD09F /* Base */ = {isa = PBXFileReference; lastKnownFileType = file.storyboard; name = Base; path = Base.lproj/Main.storyboard; sourceTree = "<group>"; };
		D7EB1B202BD4B750001CD09F /* Assets.xcassets */ = {isa = PBXFileReference; lastKnownFileType = folder.assetcatalog; path = Assets.xcassets; sourceTree = "<group>"; };
		D7EB1B232BD4B750001CD09F /* Base */ = {isa = PBXFileReference; lastKnownFileType = file.storyboard; name = Base; path = Base.lproj/LaunchScreen.storyboard; sourceTree = "<group>"; };
		D7EB1B252BD4B750001CD09F /* Info.plist */ = {isa = PBXFileReference; lastKnownFileType = text.plist.xml; path = Info.plist; sourceTree = "<group>"; };
		D7EB1B2A2BD4B750001CD09F /* Act10-ApplLifeCycleTests.xctest */ = {isa = PBXFileReference; explicitFileType = wrapper.cfbundle; includeInIndex = 0; path = "Act10-ApplLifeCycleTests.xctest"; sourceTree = BUILT_PRODUCTS_DIR; };
		D7EB1B2E2BD4B750001CD09F /* Act10_ApplLifeCycleTests.swift */ = {isa = PBXFileReference; lastKnownFileType = sourcecode.swift; path = Act10_ApplLifeCycleTests.swift; sourceTree = "<group>"; };
		D7EB1B342BD4B750001CD09F /* Act10-ApplLifeCycleUITests.xctest */ = {isa = PBXFileReference; explicitFileType = wrapper.cfbundle; includeInIndex = 0; path = "Act10-ApplLifeCycleUITests.xctest"; sourceTree = BUILT_PRODUCTS_DIR; };
		D7EB1B382BD4B750001CD09F /* Act10_ApplLifeCycleUITests.swift */ = {isa = PBXFileReference; lastKnownFileType = sourcecode.swift; path = Act10_ApplLifeCycleUITests.swift; sourceTree = "<group>"; };
		D7EB1B3A2BD4B750001CD09F /* Act10_ApplLifeCycleUITestsLaunchTests.swift */ = {isa = PBXFileReference; lastKnownFileType = sourcecode.swift; path = Act10_ApplLifeCycleUITestsLaunchTests.swift; sourceTree = "<group>"; };
/* End PBXFileReference section */

/* Begin PBXFrameworksBuildPhase section */
		D7EB1B112BD4B74E001CD09F /* Frameworks */ = {
			isa = PBXFrameworksBuildPhase;
			buildActionMask = 2147483647;
			files = (
			);
			runOnlyForDeploymentPostprocessing = 0;
		};
		D7EB1B272BD4B750001CD09F /* Frameworks */ = {
			isa = PBXFrameworksBuildPhase;
			buildActionMask = 2147483647;
			files = (
			);
			runOnlyForDeploymentPostprocessing = 0;
		};
		D7EB1B312BD4B750001CD09F /* Frameworks */ = {
			isa = PBXFrameworksBuildPhase;
			buildActionMask = 2147483647;
			files = (
			);
			runOnlyForDeploymentPostprocessing = 0;
		};
/* End PBXFrameworksBuildPhase section */

/* Begin PBXGroup section */
		D7EB1B0B2BD4B74E001CD09F = {
			isa = PBXGroup;
			children = (
				D7EB1B162BD4B74E001CD09F /* Act10-ApplLifeCycle */,
				D7EB1B2D2BD4B750001CD09F /* Act10-ApplLifeCycleTests */,
				D7EB1B372BD4B750001CD09F /* Act10-ApplLifeCycleUITests */,
				D7EB1B152BD4B74E001CD09F /* Products */,
			);
			sourceTree = "<group>";
		};
		D7EB1B152BD4B74E001CD09F /* Products */ = {
			isa = PBXGroup;
			children = (
				D7EB1B142BD4B74E001CD09F /* Act10-ApplLifeCycle.app */,
				D7EB1B2A2BD4B750001CD09F /* Act10-ApplLifeCycleTests.xctest */,
				D7EB1B342BD4B750001CD09F /* Act10-ApplLifeCycleUITests.xctest */,
			);
			name = Products;
			sourceTree = "<group>";
		};
		D7EB1B162BD4B74E001CD09F /* Act10-ApplLifeCycle */ = {
			isa = PBXGroup;
			children = (
				D7EB1B172BD4B74E001CD09F /* AppDelegate.swift */,
				D7EB1B192BD4B74E001CD09F /* SceneDelegate.swift */,
				D7EB1B1B2BD4B74E001CD09F /* ViewController.swift */,
				D7EB1B1D2BD4B74E001CD09F /* Main.storyboard */,
				D7EB1B202BD4B750001CD09F /* Assets.xcassets */,
				D7EB1B222BD4B750001CD09F /* LaunchScreen.storyboard */,
				D7EB1B252BD4B750001CD09F /* Info.plist */,
			);
			path = "Act10-ApplLifeCycle";
			sourceTree = "<group>";
		};
		D7EB1B2D2BD4B750001CD09F /* Act10-ApplLifeCycleTests */ = {
			isa = PBXGroup;
			children = (
				D7EB1B2E2BD4B750001CD09F /* Act10_ApplLifeCycleTests.swift */,
			);
			path = "Act10-ApplLifeCycleTests";
			sourceTree = "<group>";
		};
		D7EB1B372BD4B750001CD09F /* Act10-ApplLifeCycleUITests */ = {
			isa = PBXGroup;
			children = (
				D7EB1B382BD4B750001CD09F /* Act10_ApplLifeCycleUITests.swift */,
				D7EB1B3A2BD4B750001CD09F /* Act10_ApplLifeCycleUITestsLaunchTests.swift */,
			);
			path = "Act10-ApplLifeCycleUITests";
			sourceTree = "<group>";
		};
/* End PBXGroup section */

/* Begin PBXNativeTarget section */
		D7EB1B132BD4B74E001CD09F /* Act10-ApplLifeCycle */ = {
			isa = PBXNativeTarget;
			buildConfigurationList = D7EB1B3E2BD4B750001CD09F /* Build configuration list for PBXNativeTarget "Act10-ApplLifeCycle" */;
			buildPhases = (
				D7EB1B102BD4B74E001CD09F /* Sources */,
				D7EB1B112BD4B74E001CD09F /* Frameworks */,
				D7EB1B122BD4B74E001CD09F /* Resources */,
			);
			buildRules = (
			);
			dependencies = (
			);
			name = "Act10-ApplLifeCycle";
			productName = "Act10-ApplLifeCycle";
			productReference = D7EB1B142BD4B74E001CD09F /* Act10-ApplLifeCycle.app */;
			productType = "com.apple.product-type.application";
		};
		D7EB1B292BD4B750001CD09F /* Act10-ApplLifeCycleTests */ = {
			isa = PBXNativeTarget;
			buildConfigurationList = D7EB1B412BD4B750001CD09F /* Build configuration list for PBXNativeTarget "Act10-ApplLifeCycleTests" */;
			buildPhases = (
				D7EB1B262BD4B750001CD09F /* Sources */,
				D7EB1B272BD4B750001CD09F /* Frameworks */,
				D7EB1B282BD4B750001CD09F /* Resources */,
			);
			buildRules = (
			);
			dependencies = (
				D7EB1B2C2BD4B750001CD09F /* PBXTargetDependency */,
			);
			name = "Act10-ApplLifeCycleTests";
			productName = "Act10-ApplLifeCycleTests";
			productReference = D7EB1B2A2BD4B750001CD09F /* Act10-ApplLifeCycleTests.xctest */;
			productType = "com.apple.product-type.bundle.unit-test";
		};
		D7EB1B332BD4B750001CD09F /* Act10-ApplLifeCycleUITests */ = {
			isa = PBXNativeTarget;
			buildConfigurationList = D7EB1B442BD4B750001CD09F /* Build configuration list for PBXNativeTarget "Act10-ApplLifeCycleUITests" */;
			buildPhases = (
				D7EB1B302BD4B750001CD09F /* Sources */,
				D7EB1B312BD4B750001CD09F /* Frameworks */,
				D7EB1B322BD4B750001CD09F /* Resources */,
			);
			buildRules = (
			);
			dependencies = (
				D7EB1B362BD4B750001CD09F /* PBXTargetDependency */,
			);
			name = "Act10-ApplLifeCycleUITests";
			productName = "Act10-ApplLifeCycleUITests";
			productReference = D7EB1B342BD4B750001CD09F /* Act10-ApplLifeCycleUITests.xctest */;
			productType = "com.apple.product-type.bundle.ui-testing";
		};
/* End PBXNativeTarget section */

/* Begin PBXProject section */
		D7EB1B0C2BD4B74E001CD09F /* Project object */ = {
			isa = PBXProject;
			attributes = {
				BuildIndependentTargetsInParallel = 1;
				LastSwiftUpdateCheck = 1520;
				LastUpgradeCheck = 1520;
				TargetAttributes = {
					D7EB1B132BD4B74E001CD09F = {
						CreatedOnToolsVersion = 15.2;
					};
					D7EB1B292BD4B750001CD09F = {
						CreatedOnToolsVersion = 15.2;
						TestTargetID = D7EB1B132BD4B74E001CD09F;
					};
					D7EB1B332BD4B750001CD09F = {
						CreatedOnToolsVersion = 15.2;
						TestTargetID = D7EB1B132BD4B74E001CD09F;
					};
				};
			};
			buildConfigurationList = D7EB1B0F2BD4B74E001CD09F /* Build configuration list for PBXProject "Act10-ApplLifeCycle" */;
			compatibilityVersion = "Xcode 14.0";
			developmentRegion = en;
			hasScannedForEncodings = 0;
			knownRegions = (
				en,
				Base,
			);
			mainGroup = D7EB1B0B2BD4B74E001CD09F;
			productRefGroup = D7EB1B152BD4B74E001CD09F /* Products */;
			projectDirPath = "";
			projectRoot = "";
			targets = (
				D7EB1B132BD4B74E001CD09F /* Act10-ApplLifeCycle */,
				D7EB1B292BD4B750001CD09F /* Act10-ApplLifeCycleTests */,
				D7EB1B332BD4B750001CD09F /* Act10-ApplLifeCycleUITests */,
			);
		};
/* End PBXProject section */

/* Begin PBXResourcesBuildPhase section */
		D7EB1B122BD4B74E001CD09F /* Resources */ = {
			isa = PBXResourcesBuildPhase;
			buildActionMask = 2147483647;
			files = (
				D7EB1B242BD4B750001CD09F /* LaunchScreen.storyboard in Resources */,
				D7EB1B212BD4B750001CD09F /* Assets.xcassets in Resources */,
				D7EB1B1F2BD4B74E001CD09F /* Main.storyboard in Resources */,
			);
			runOnlyForDeploymentPostprocessing = 0;
		};
		D7EB1B282BD4B750001CD09F /* Resources */ = {
			isa = PBXResourcesBuildPhase;
			buildActionMask = 2147483647;
			files = (
			);
			runOnlyForDeploymentPostprocessing = 0;
		};
		D7EB1B322BD4B750001CD09F /* Resources */ = {
			isa = PBXResourcesBuildPhase;
			buildActionMask = 2147483647;
			files = (
			);
			runOnlyForDeploymentPostprocessing = 0;
		};
/* End PBXResourcesBuildPhase section */

/* Begin PBXSourcesBuildPhase section */
		D7EB1B102BD4B74E001CD09F /* Sources */ = {
			isa = PBXSourcesBuildPhase;
			buildActionMask = 2147483647;
			files = (
				D7EB1B1C2BD4B74E001CD09F /* ViewController.swift in Sources */,
				D7EB1B182BD4B74E001CD09F /* AppDelegate.swift in Sources */,
				D7EB1B1A2BD4B74E001CD09F /* SceneDelegate.swift in Sources */,
			);
			runOnlyForDeploymentPostprocessing = 0;
		};
		D7EB1B262BD4B750001CD09F /* Sources */ = {
			isa = PBXSourcesBuildPhase;
			buildActionMask = 2147483647;
			files = (
				D7EB1B2F2BD4B750001CD09F /* Act10_ApplLifeCycleTests.swift in Sources */,
			);
			runOnlyForDeploymentPostprocessing = 0;
		};
		D7EB1B302BD4B750001CD09F /* Sources */ = {
			isa = PBXSourcesBuildPhase;
			buildActionMask = 2147483647;
			files = (
				D7EB1B3B2BD4B750001CD09F /* Act10_ApplLifeCycleUITestsLaunchTests.swift in Sources */,
				D7EB1B392BD4B750001CD09F /* Act10_ApplLifeCycleUITests.swift in Sources */,
			);
			runOnlyForDeploymentPostprocessing = 0;
		};
/* End PBXSourcesBuildPhase section */

/* Begin PBXTargetDependency section */
		D7EB1B2C2BD4B750001CD09F /* PBXTargetDependency */ = {
			isa = PBXTargetDependency;
			target = D7EB1B132BD4B74E001CD09F /* Act10-ApplLifeCycle */;
			targetProxy = D7EB1B2B2BD4B750001CD09F /* PBXContainerItemProxy */;
		};
		D7EB1B362BD4B750001CD09F /* PBXTargetDependency */ = {
			isa = PBXTargetDependency;
			target = D7EB1B132BD4B74E001CD09F /* Act10-ApplLifeCycle */;
			targetProxy = D7EB1B352BD4B750001CD09F /* PBXContainerItemProxy */;
		};
/* End PBXTargetDependency section */

/* Begin PBXVariantGroup section */
		D7EB1B1D2BD4B74E001CD09F /* Main.storyboard */ = {
			isa = PBXVariantGroup;
			children = (
				D7EB1B1E2BD4B74E001CD09F /* Base */,
			);
			name = Main.storyboard;
			sourceTree = "<group>";
		};
		D7EB1B222BD4B750001CD09F /* LaunchScreen.storyboard */ = {
			isa = PBXVariantGroup;
			children = (
				D7EB1B232BD4B750001CD09F /* Base */,
			);
			name = LaunchScreen.storyboard;
			sourceTree = "<group>";
		};
/* End PBXVariantGroup section */

/* Begin XCBuildConfiguration section */
		D7EB1B3C2BD4B750001CD09F /* Debug */ = {
			isa = XCBuildConfiguration;
			buildSettings = {
				ALWAYS_SEARCH_USER_PATHS = NO;
				ASSETCATALOG_COMPILER_GENERATE_SWIFT_ASSET_SYMBOL_EXTENSIONS = YES;
				CLANG_ANALYZER_NONNULL = YES;
				CLANG_ANALYZER_NUMBER_OBJECT_CONVERSION = YES_AGGRESSIVE;
				CLANG_CXX_LANGUAGE_STANDARD = "gnu++20";
				CLANG_ENABLE_MODULES = YES;
				CLANG_ENABLE_OBJC_ARC = YES;
				CLANG_ENABLE_OBJC_WEAK = YES;
				CLANG_WARN_BLOCK_CAPTURE_AUTORELEASING = YES;
				CLANG_WARN_BOOL_CONVERSION = YES;
				CLANG_WARN_COMMA = YES;
				CLANG_WARN_CONSTANT_CONVERSION = YES;
				CLANG_WARN_DEPRECATED_OBJC_IMPLEMENTATIONS = YES;
				CLANG_WARN_DIRECT_OBJC_ISA_USAGE = YES_ERROR;
				CLANG_WARN_DOCUMENTATION_COMMENTS = YES;
				CLANG_WARN_EMPTY_BODY = YES;
				CLANG_WARN_ENUM_CONVERSION = YES;
				CLANG_WARN_INFINITE_RECURSION = YES;
				CLANG_WARN_INT_CONVERSION = YES;
				CLANG_WARN_NON_LITERAL_NULL_CONVERSION = YES;
				CLANG_WARN_OBJC_IMPLICIT_RETAIN_SELF = YES;
				CLANG_WARN_OBJC_LITERAL_CONVERSION = YES;
				CLANG_WARN_OBJC_ROOT_CLASS = YES_ERROR;
				CLANG_WARN_QUOTED_INCLUDE_IN_FRAMEWORK_HEADER = YES;
				CLANG_WARN_RANGE_LOOP_ANALYSIS = YES;
				CLANG_WARN_STRICT_PROTOTYPES = YES;
				CLANG_WARN_SUSPICIOUS_MOVE = YES;
				CLANG_WARN_UNGUARDED_AVAILABILITY = YES_AGGRESSIVE;
				CLANG_WARN_UNREACHABLE_CODE = YES;
				CLANG_WARN__DUPLICATE_METHOD_MATCH = YES;
				COPY_PHASE_STRIP = NO;
				DEBUG_INFORMATION_FORMAT = dwarf;
				ENABLE_STRICT_OBJC_MSGSEND = YES;
				ENABLE_TESTABILITY = YES;
				ENABLE_USER_SCRIPT_SANDBOXING = YES;
				GCC_C_LANGUAGE_STANDARD = gnu17;
				GCC_DYNAMIC_NO_PIC = NO;
				GCC_NO_COMMON_BLOCKS = YES;
				GCC_OPTIMIZATION_LEVEL = 0;
				GCC_PREPROCESSOR_DEFINITIONS = (
					"DEBUG=1",
					"$(inherited)",
				);
				GCC_WARN_64_TO_32_BIT_CONVERSION = YES;
				GCC_WARN_ABOUT_RETURN_TYPE = YES_ERROR;
				GCC_WARN_UNDECLARED_SELECTOR = YES;
				GCC_WARN_UNINITIALIZED_AUTOS = YES_AGGRESSIVE;
				GCC_WARN_UNUSED_FUNCTION = YES;
				GCC_WARN_UNUSED_VARIABLE = YES;
				IPHONEOS_DEPLOYMENT_TARGET = 17.2;
				LOCALIZATION_PREFERS_STRING_CATALOGS = YES;
				MTL_ENABLE_DEBUG_INFO = INCLUDE_SOURCE;
				MTL_FAST_MATH = YES;
				ONLY_ACTIVE_ARCH = YES;
				SDKROOT = iphoneos;
				SWIFT_ACTIVE_COMPILATION_CONDITIONS = "DEBUG $(inherited)";
				SWIFT_OPTIMIZATION_LEVEL = "-Onone";
			};
			name = Debug;
		};
		D7EB1B3D2BD4B750001CD09F /* Release */ = {
			isa = XCBuildConfiguration;
			buildSettings = {
				ALWAYS_SEARCH_USER_PATHS = NO;
				ASSETCATALOG_COMPILER_GENERATE_SWIFT_ASSET_SYMBOL_EXTENSIONS = YES;
				CLANG_ANALYZER_NONNULL = YES;
				CLANG_ANALYZER_NUMBER_OBJECT_CONVERSION = YES_AGGRESSIVE;
				CLANG_CXX_LANGUAGE_STANDARD = "gnu++20";
				CLANG_ENABLE_MODULES = YES;
				CLANG_ENABLE_OBJC_ARC = YES;
				CLANG_ENABLE_OBJC_WEAK = YES;
				CLANG_WARN_BLOCK_CAPTURE_AUTORELEASING = YES;
				CLANG_WARN_BOOL_CONVERSION = YES;
				CLANG_WARN_COMMA = YES;
				CLANG_WARN_CONSTANT_CONVERSION = YES;
				CLANG_WARN_DEPRECATED_OBJC_IMPLEMENTATIONS = YES;
				CLANG_WARN_DIRECT_OBJC_ISA_USAGE = YES_ERROR;
				CLANG_WARN_DOCUMENTATION_COMMENTS = YES;
				CLANG_WARN_EMPTY_BODY = YES;
				CLANG_WARN_ENUM_CONVERSION = YES;
				CLANG_WARN_INFINITE_RECURSION = YES;
				CLANG_WARN_INT_CONVERSION = YES;
				CLANG_WARN_NON_LITERAL_NULL_CONVERSION = YES;
				CLANG_WARN_OBJC_IMPLICIT_RETAIN_SELF = YES;
				CLANG_WARN_OBJC_LITERAL_CONVERSION = YES;
				CLANG_WARN_OBJC_ROOT_CLASS = YES_ERROR;
				CLANG_WARN_QUOTED_INCLUDE_IN_FRAMEWORK_HEADER = YES;
				CLANG_WARN_RANGE_LOOP_ANALYSIS = YES;
				CLANG_WARN_STRICT_PROTOTYPES = YES;
				CLANG_WARN_SUSPICIOUS_MOVE = YES;
				CLANG_WARN_UNGUARDED_AVAILABILITY = YES_AGGRESSIVE;
				CLANG_WARN_UNREACHABLE_CODE = YES;
				CLANG_WARN__DUPLICATE_METHOD_MATCH = YES;
				COPY_PHASE_STRIP = NO;
				DEBUG_INFORMATION_FORMAT = "dwarf-with-dsym";
				ENABLE_NS_ASSERTIONS = NO;
				ENABLE_STRICT_OBJC_MSGSEND = YES;
				ENABLE_USER_SCRIPT_SANDBOXING = YES;
				GCC_C_LANGUAGE_STANDARD = gnu17;
				GCC_NO_COMMON_BLOCKS = YES;
				GCC_WARN_64_TO_32_BIT_CONVERSION = YES;
				GCC_WARN_ABOUT_RETURN_TYPE = YES_ERROR;
				GCC_WARN_UNDECLARED_SELECTOR = YES;
				GCC_WARN_UNINITIALIZED_AUTOS = YES_AGGRESSIVE;
				GCC_WARN_UNUSED_FUNCTION = YES;
				GCC_WARN_UNUSED_VARIABLE = YES;
				IPHONEOS_DEPLOYMENT_TARGET = 17.2;
				LOCALIZATION_PREFERS_STRING_CATALOGS = YES;
				MTL_ENABLE_DEBUG_INFO = NO;
				MTL_FAST_MATH = YES;
				SDKROOT = iphoneos;
				SWIFT_COMPILATION_MODE = wholemodule;
				VALIDATE_PRODUCT = YES;
			};
			name = Release;
		};
		D7EB1B3F2BD4B750001CD09F /* Debug */ = {
			isa = XCBuildConfiguration;
			buildSettings = {
				ASSETCATALOG_COMPILER_APPICON_NAME = AppIcon;
				ASSETCATALOG_COMPILER_GLOBAL_ACCENT_COLOR_NAME = AccentColor;
				CODE_SIGN_STYLE = Automatic;
				CURRENT_PROJECT_VERSION = 1;
				DEVELOPMENT_TEAM = Q2Y5YTW2CM;
				GENERATE_INFOPLIST_FILE = YES;
				INFOPLIST_FILE = "Act10-ApplLifeCycle/Info.plist";
				INFOPLIST_KEY_UIApplicationSupportsIndirectInputEvents = YES;
				INFOPLIST_KEY_UILaunchStoryboardName = LaunchScreen;
				INFOPLIST_KEY_UIMainStoryboardFile = Main;
				INFOPLIST_KEY_UISupportedInterfaceOrientations_iPad = "UIInterfaceOrientationPortrait UIInterfaceOrientationPortraitUpsideDown UIInterfaceOrientationLandscapeLeft UIInterfaceOrientationLandscapeRight";
				INFOPLIST_KEY_UISupportedInterfaceOrientations_iPhone = "UIInterfaceOrientationPortrait UIInterfaceOrientationLandscapeLeft UIInterfaceOrientationLandscapeRight";
				LD_RUNPATH_SEARCH_PATHS = (
					"$(inherited)",
					"@executable_path/Frameworks",
				);
				MARKETING_VERSION = 1.0;
				PRODUCT_BUNDLE_IDENTIFIER = "Mariana.Act10-ApplLifeCycle";
				PRODUCT_NAME = "$(TARGET_NAME)";
				SWIFT_EMIT_LOC_STRINGS = YES;
				SWIFT_VERSION = 5.0;
				TARGETED_DEVICE_FAMILY = "1,2";
			};
			name = Debug;
		};
		D7EB1B402BD4B750001CD09F /* Release */ = {
			isa = XCBuildConfiguration;
			buildSettings = {
				ASSETCATALOG_COMPILER_APPICON_NAME = AppIcon;
				ASSETCATALOG_COMPILER_GLOBAL_ACCENT_COLOR_NAME = AccentColor;
				CODE_SIGN_STYLE = Automatic;
				CURRENT_PROJECT_VERSION = 1;
				DEVELOPMENT_TEAM = Q2Y5YTW2CM;
				GENERATE_INFOPLIST_FILE = YES;
				INFOPLIST_FILE = "Act10-ApplLifeCycle/Info.plist";
				INFOPLIST_KEY_UIApplicationSupportsIndirectInputEvents = YES;
				INFOPLIST_KEY_UILaunchStoryboardName = LaunchScreen;
				INFOPLIST_KEY_UIMainStoryboardFile = Main;
				INFOPLIST_KEY_UISupportedInterfaceOrientations_iPad = "UIInterfaceOrientationPortrait UIInterfaceOrientationPortraitUpsideDown UIInterfaceOrientationLandscapeLeft UIInterfaceOrientationLandscapeRight";
				INFOPLIST_KEY_UISupportedInterfaceOrientations_iPhone = "UIInterfaceOrientationPortrait UIInterfaceOrientationLandscapeLeft UIInterfaceOrientationLandscapeRight";
				LD_RUNPATH_SEARCH_PATHS = (
					"$(inherited)",
					"@executable_path/Frameworks",
				);
				MARKETING_VERSION = 1.0;
				PRODUCT_BUNDLE_IDENTIFIER = "Mariana.Act10-ApplLifeCycle";
				PRODUCT_NAME = "$(TARGET_NAME)";
				SWIFT_EMIT_LOC_STRINGS = YES;
				SWIFT_VERSION = 5.0;
				TARGETED_DEVICE_FAMILY = "1,2";
			};
			name = Release;
		};
		D7EB1B422BD4B750001CD09F /* Debug */ = {
			isa = XCBuildConfiguration;
			buildSettings = {
				ALWAYS_EMBED_SWIFT_STANDARD_LIBRARIES = YES;
				BUNDLE_LOADER = "$(TEST_HOST)";
				CODE_SIGN_STYLE = Automatic;
				CURRENT_PROJECT_VERSION = 1;
				DEVELOPMENT_TEAM = Q2Y5YTW2CM;
				GENERATE_INFOPLIST_FILE = YES;
				IPHONEOS_DEPLOYMENT_TARGET = 17.2;
				MARKETING_VERSION = 1.0;
				PRODUCT_BUNDLE_IDENTIFIER = "Mariana.Act10-ApplLifeCycleTests";
				PRODUCT_NAME = "$(TARGET_NAME)";
				SWIFT_EMIT_LOC_STRINGS = NO;
				SWIFT_VERSION = 5.0;
				TARGETED_DEVICE_FAMILY = "1,2";
				TEST_HOST = "$(BUILT_PRODUCTS_DIR)/Act10-ApplLifeCycle.app/$(BUNDLE_EXECUTABLE_FOLDER_PATH)/Act10-ApplLifeCycle";
			};
			name = Debug;
		};
		D7EB1B432BD4B750001CD09F /* Release */ = {
			isa = XCBuildConfiguration;
			buildSettings = {
				ALWAYS_EMBED_SWIFT_STANDARD_LIBRARIES = YES;
				BUNDLE_LOADER = "$(TEST_HOST)";
				CODE_SIGN_STYLE = Automatic;
				CURRENT_PROJECT_VERSION = 1;
				DEVELOPMENT_TEAM = Q2Y5YTW2CM;
				GENERATE_INFOPLIST_FILE = YES;
				IPHONEOS_DEPLOYMENT_TARGET = 17.2;
				MARKETING_VERSION = 1.0;
				PRODUCT_BUNDLE_IDENTIFIER = "Mariana.Act10-ApplLifeCycleTests";
				PRODUCT_NAME = "$(TARGET_NAME)";
				SWIFT_EMIT_LOC_STRINGS = NO;
				SWIFT_VERSION = 5.0;
				TARGETED_DEVICE_FAMILY = "1,2";
				TEST_HOST = "$(BUILT_PRODUCTS_DIR)/Act10-ApplLifeCycle.app/$(BUNDLE_EXECUTABLE_FOLDER_PATH)/Act10-ApplLifeCycle";
			};
			name = Release;
		};
		D7EB1B452BD4B750001CD09F /* Debug */ = {
			isa = XCBuildConfiguration;
			buildSettings = {
				ALWAYS_EMBED_SWIFT_STANDARD_LIBRARIES = YES;
				CODE_SIGN_STYLE = Automatic;
				CURRENT_PROJECT_VERSION = 1;
				DEVELOPMENT_TEAM = Q2Y5YTW2CM;
				GENERATE_INFOPLIST_FILE = YES;
				MARKETING_VERSION = 1.0;
				PRODUCT_BUNDLE_IDENTIFIER = "Mariana.Act10-ApplLifeCycleUITests";
				PRODUCT_NAME = "$(TARGET_NAME)";
				SWIFT_EMIT_LOC_STRINGS = NO;
				SWIFT_VERSION = 5.0;
				TARGETED_DEVICE_FAMILY = "1,2";
				TEST_TARGET_NAME = "Act10-ApplLifeCycle";
			};
			name = Debug;
		};
		D7EB1B462BD4B750001CD09F /* Release */ = {
			isa = XCBuildConfiguration;
			buildSettings = {
				ALWAYS_EMBED_SWIFT_STANDARD_LIBRARIES = YES;
				CODE_SIGN_STYLE = Automatic;
				CURRENT_PROJECT_VERSION = 1;
				DEVELOPMENT_TEAM = Q2Y5YTW2CM;
				GENERATE_INFOPLIST_FILE = YES;
				MARKETING_VERSION = 1.0;
				PRODUCT_BUNDLE_IDENTIFIER = "Mariana.Act10-ApplLifeCycleUITests";
				PRODUCT_NAME = "$(TARGET_NAME)";
				SWIFT_EMIT_LOC_STRINGS = NO;
				SWIFT_VERSION = 5.0;
				TARGETED_DEVICE_FAMILY = "1,2";
				TEST_TARGET_NAME = "Act10-ApplLifeCycle";
			};
			name = Release;
		};
/* End XCBuildConfiguration section */

/* Begin XCConfigurationList section */
		D7EB1B0F2BD4B74E001CD09F /* Build configuration list for PBXProject "Act10-ApplLifeCycle" */ = {
			isa = XCConfigurationList;
			buildConfigurations = (
				D7EB1B3C2BD4B750001CD09F /* Debug */,
				D7EB1B3D2BD4B750001CD09F /* Release */,
			);
			defaultConfigurationIsVisible = 0;
			defaultConfigurationName = Release;
		};
		D7EB1B3E2BD4B750001CD09F /* Build configuration list for PBXNativeTarget "Act10-ApplLifeCycle" */ = {
			isa = XCConfigurationList;
			buildConfigurations = (
				D7EB1B3F2BD4B750001CD09F /* Debug */,
				D7EB1B402BD4B750001CD09F /* Release */,
			);
			defaultConfigurationIsVisible = 0;
			defaultConfigurationName = Release;
		};
		D7EB1B412BD4B750001CD09F /* Build configuration list for PBXNativeTarget "Act10-ApplLifeCycleTests" */ = {
			isa = XCConfigurationList;
			buildConfigurations = (
				D7EB1B422BD4B750001CD09F /* Debug */,
				D7EB1B432BD4B750001CD09F /* Release */,
			);
			defaultConfigurationIsVisible = 0;
			defaultConfigurationName = Release;
		};
		D7EB1B442BD4B750001CD09F /* Build configuration list for PBXNativeTarget "Act10-ApplLifeCycleUITests" */ = {
			isa = XCConfigurationList;
			buildConfigurations = (
				D7EB1B452BD4B750001CD09F /* Debug */,
				D7EB1B462BD4B750001CD09F /* Release */,
			);
			defaultConfigurationIsVisible = 0;
			defaultConfigurationName = Release;
		};
/* End XCConfigurationList section */
	};
	rootObject = D7EB1B0C2BD4B74E001CD09F /* Project object */;
}
